// !$*UTF8*$!
{
	archiveVersion = 1;
	classes = {
	};
	objectVersion = 56;
	objects = {

/* Begin PBXBuildFile section */
		EA0F145D292994330013038E /* moverun1.mp3 in Resources */ = {isa = PBXBuildFile; fileRef = EA0F145C292994330013038E /* moverun1.mp3 */; };
		EA0F145F292994B00013038E /* movewalk.mp3 in Resources */ = {isa = PBXBuildFile; fileRef = EA0F145E292994B00013038E /* movewalk.mp3 */; };
		EA0F146F2929D9C00013038E /* moverun4.mp3 in Resources */ = {isa = PBXBuildFile; fileRef = EA0F146C2929D9C00013038E /* moverun4.mp3 */; };
		EA0F14702929D9C00013038E /* moverun3.mp3 in Resources */ = {isa = PBXBuildFile; fileRef = EA0F146D2929D9C00013038E /* moverun3.mp3 */; };
		EA0F14712929D9C00013038E /* moverun2.mp3 in Resources */ = {isa = PBXBuildFile; fileRef = EA0F146E2929D9C00013038E /* moverun2.mp3 */; };
		EA0F147D292B0A050013038E /* overworld3.mp3 in Resources */ = {isa = PBXBuildFile; fileRef = EA0F147C292B0A050013038E /* overworld3.mp3 */; };
		EA0F1481292B2F870013038E /* bouldersmash.mp3 in Resources */ = {isa = PBXBuildFile; fileRef = EA0F1480292B2F870013038E /* bouldersmash.mp3 */; };
		EA0F1491292CC8D90013038E /* enemydeath.mp3 in Resources */ = {isa = PBXBuildFile; fileRef = EA0F1490292CC8D90013038E /* enemydeath.mp3 */; };
		EA0F84072937D4860031DA76 /* DayTheme.swift in Sources */ = {isa = PBXBuildFile; fileRef = EA0F84062937D4860031DA76 /* DayTheme.swift */; };
		EA1191532904BC4C009D0E3E /* DisplaySprite.swift in Sources */ = {isa = PBXBuildFile; fileRef = EA1191522904BC4C009D0E3E /* DisplaySprite.swift */; };
		EA119155290CCA39009D0E3E /* Inventory.swift in Sources */ = {isa = PBXBuildFile; fileRef = EA119154290CCA39009D0E3E /* Inventory.swift */; };
		EA11915729121798009D0E3E /* Controls.swift in Sources */ = {isa = PBXBuildFile; fileRef = EA11915629121798009D0E3E /* Controls.swift */; };
		EA26F29129739DE800BF1AC8 /* AdMobManager.swift in Sources */ = {isa = PBXBuildFile; fileRef = EA26F29029739DE800BF1AC8 /* AdMobManager.swift */; };
		EA2AF74429B6D06000444E5A /* OfflinePlaySprite.swift in Sources */ = {isa = PBXBuildFile; fileRef = EA2AF74329B6D06000444E5A /* OfflinePlaySprite.swift */; };
		EA2AF74829B6EDAC00444E5A /* gemcollectparty.mp3 in Resources */ = {isa = PBXBuildFile; fileRef = EA2AF74729B6EDAC00444E5A /* gemcollectparty.mp3 */; };
		EA34678E2998ED50002DDA02 /* LifeSpawnerModel.swift in Sources */ = {isa = PBXBuildFile; fileRef = EA34678D2998ED50002DDA02 /* LifeSpawnerModel.swift */; };
		EA346791299B535F002DDA02 /* LevelStats.swift in Sources */ = {isa = PBXBuildFile; fileRef = EA346790299B535F002DDA02 /* LevelStats.swift */; };
		EA34679929A03A19002DDA02 /* overworld7.mp3 in Resources */ = {isa = PBXBuildFile; fileRef = EA34679829A03A19002DDA02 /* overworld7.mp3 */; };
		EA3467A129A400CB002DDA02 /* overworld8.mp3 in Resources */ = {isa = PBXBuildFile; fileRef = EA3467A029A400CB002DDA02 /* overworld8.mp3 */; };
		EA3467A329A403EF002DDA02 /* overworld9.mp3 in Resources */ = {isa = PBXBuildFile; fileRef = EA3467A229A403EF002DDA02 /* overworld9.mp3 */; };
		EA3467A529A8C659002DDA02 /* revive.mp3 in Resources */ = {isa = PBXBuildFile; fileRef = EA3467A429A8C659002DDA02 /* revive.mp3 */; };
		EA3467A729A8C68A002DDA02 /* pickupheart.mp3 in Resources */ = {isa = PBXBuildFile; fileRef = EA3467A629A8C68A002DDA02 /* pickupheart.mp3 */; };
		EA3467A929A8C6CA002DDA02 /* chatopen.mp3 in Resources */ = {isa = PBXBuildFile; fileRef = EA3467A829A8C6CA002DDA02 /* chatopen.mp3 */; };
		EA3467AB29A8C6F6002DDA02 /* buttontap.mp3 in Resources */ = {isa = PBXBuildFile; fileRef = EA3467AA29A8C6F6002DDA02 /* buttontap.mp3 */; };
		EA3467AD29A8C7C7002DDA02 /* continueloop.mp3 in Resources */ = {isa = PBXBuildFile; fileRef = EA3467AC29A8C7C7002DDA02 /* continueloop.mp3 */; };
		EA3467AF29A8CB39002DDA02 /* overworld6.mp3 in Resources */ = {isa = PBXBuildFile; fileRef = EA3467AE29A8CB39002DDA02 /* overworld6.mp3 */; };
		EA3467B129A99332002DDA02 /* LoadingSprite.swift in Sources */ = {isa = PBXBuildFile; fileRef = EA3467B029A99332002DDA02 /* LoadingSprite.swift */; };
		EA3534892920612300C11FC0 /* DisplayStatusBarSprite.swift in Sources */ = {isa = PBXBuildFile; fileRef = EA3534882920612300C11FC0 /* DisplayStatusBarSprite.swift */; };
		EA35348B29241FCD00C11FC0 /* LevelType.swift in Sources */ = {isa = PBXBuildFile; fileRef = EA35348A29241FCD00C11FC0 /* LevelType.swift */; };
		EA3951ED2938165A00D0B14A /* Extension+UIImage.swift in Sources */ = {isa = PBXBuildFile; fileRef = EA3951EC2938165A00D0B14A /* Extension+UIImage.swift */; };
		EA3951F12939DE5900D0B14A /* ScoringEngine.swift in Sources */ = {isa = PBXBuildFile; fileRef = EA3951F02939DE5900D0B14A /* ScoringEngine.swift */; };
		EA4D025B29B7D61C00F0C7B1 /* movemarsh3.mp3 in Resources */ = {isa = PBXBuildFile; fileRef = EA4D025A29B7D61C00F0C7B1 /* movemarsh3.mp3 */; };
		EA4D025D29B7E2B400F0C7B1 /* movemarsh2.mp3 in Resources */ = {isa = PBXBuildFile; fileRef = EA4D025C29B7E2B400F0C7B1 /* movemarsh2.mp3 */; };
		EA4D025F29B7E33600F0C7B1 /* movemarsh1.mp3 in Resources */ = {isa = PBXBuildFile; fileRef = EA4D025E29B7E33600F0C7B1 /* movemarsh1.mp3 */; };
		EA4D026329B7F3AF00F0C7B1 /* PartyModeSprite.swift in Sources */ = {isa = PBXBuildFile; fileRef = EA4D026229B7F3AF00F0C7B1 /* PartyModeSprite.swift */; };
		EA4D026529B90BF800F0C7B1 /* gemcollect.mp3 in Resources */ = {isa = PBXBuildFile; fileRef = EA4D026429B90BF700F0C7B1 /* gemcollect.mp3 */; };
		EA4D026729BA656200F0C7B1 /* TabBarEngine.swift in Sources */ = {isa = PBXBuildFile; fileRef = EA4D026629BA656200F0C7B1 /* TabBarEngine.swift */; };
		EA4D026929BA8C8E00F0C7B1 /* TabBarButton.swift in Sources */ = {isa = PBXBuildFile; fileRef = EA4D026829BA8C8E00F0C7B1 /* TabBarButton.swift */; };
		EA4D026B29BC6ACE00F0C7B1 /* Extension+UIDevice.swift in Sources */ = {isa = PBXBuildFile; fileRef = EA4D026A29BC6ACE00F0C7B1 /* Extension+UIDevice.swift */; };
		EA65182B28E4199E00E535BF /* AppDelegate.swift in Sources */ = {isa = PBXBuildFile; fileRef = EA65182A28E4199E00E535BF /* AppDelegate.swift */; };
		EA65182D28E4199E00E535BF /* SceneDelegate.swift in Sources */ = {isa = PBXBuildFile; fileRef = EA65182C28E4199E00E535BF /* SceneDelegate.swift */; };
		EA65182F28E4199E00E535BF /* GameViewController.swift in Sources */ = {isa = PBXBuildFile; fileRef = EA65182E28E4199E00E535BF /* GameViewController.swift */; };
		EA65183428E419A000E535BF /* Assets.xcassets in Resources */ = {isa = PBXBuildFile; fileRef = EA65183328E419A000E535BF /* Assets.xcassets */; };
		EA65183728E419A000E535BF /* LaunchScreen.storyboard in Resources */ = {isa = PBXBuildFile; fileRef = EA65183528E419A000E535BF /* LaunchScreen.storyboard */; };
		EA65184328E420E400E535BF /* GameScene.swift in Sources */ = {isa = PBXBuildFile; fileRef = EA65184228E420E400E535BF /* GameScene.swift */; };
		EA65184528E5750C00E535BF /* GameboardSprite.swift in Sources */ = {isa = PBXBuildFile; fileRef = EA65184428E5750C00E535BF /* GameboardSprite.swift */; };
		EA65189228E973D700E535BF /* Level.swift in Sources */ = {isa = PBXBuildFile; fileRef = EA65189028E973D700E535BF /* Level.swift */; };
		EA65189328E973D700E535BF /* LevelBuilder.swift in Sources */ = {isa = PBXBuildFile; fileRef = EA65189128E973D700E535BF /* LevelBuilder.swift */; };
		EA65189528EA207800E535BF /* Constants.swift in Sources */ = {isa = PBXBuildFile; fileRef = EA65189428EA207800E535BF /* Constants.swift */; };
		EA75F0E1292DDAAF00F09BD7 /* FirebaseAnalytics in Frameworks */ = {isa = PBXBuildFile; productRef = EA75F0E0292DDAAF00F09BD7 /* FirebaseAnalytics */; };
		EA75F0E3292DDAAF00F09BD7 /* FirebaseAnalyticsSwift in Frameworks */ = {isa = PBXBuildFile; productRef = EA75F0E2292DDAAF00F09BD7 /* FirebaseAnalyticsSwift */; };
		EA75F0E5292DDAAF00F09BD7 /* FirebaseAuth in Frameworks */ = {isa = PBXBuildFile; productRef = EA75F0E4292DDAAF00F09BD7 /* FirebaseAuth */; };
		EA75F0E7292DDAAF00F09BD7 /* FirebaseDatabase in Frameworks */ = {isa = PBXBuildFile; productRef = EA75F0E6292DDAAF00F09BD7 /* FirebaseDatabase */; };
		EA75F0E9292DDAAF00F09BD7 /* FirebaseDatabaseSwift in Frameworks */ = {isa = PBXBuildFile; productRef = EA75F0E8292DDAAF00F09BD7 /* FirebaseDatabaseSwift */; };
		EA75F0EB292DF46200F09BD7 /* FIRManager.swift in Sources */ = {isa = PBXBuildFile; fileRef = EA75F0EA292DF46200F09BD7 /* FIRManager.swift */; };
		EA75F0ED292DF57400F09BD7 /* LevelModel.swift in Sources */ = {isa = PBXBuildFile; fileRef = EA75F0EC292DF57400F09BD7 /* LevelModel.swift */; };
		EA75F0EF292F55F900F09BD7 /* LaunchScene.swift in Sources */ = {isa = PBXBuildFile; fileRef = EA75F0EE292F55F900F09BD7 /* LaunchScene.swift */; };
		EA78C36C29763B1C00292744 /* AchievementAdMobster.swift in Sources */ = {isa = PBXBuildFile; fileRef = EA78C36B29763B1C00292744 /* AchievementAdMobster.swift */; };
		EA78C36E29767D7600292744 /* GoogleService-Info.plist in Resources */ = {isa = PBXBuildFile; fileRef = EA78C36D29767D7600292744 /* GoogleService-Info.plist */; };
		EA826C74297CEFC500F19F81 /* TimerManager.swift in Sources */ = {isa = PBXBuildFile; fileRef = EA826C73297CEFC500F19F81 /* TimerManager.swift */; };
		EA826C76297CF9E000F19F81 /* ScoringManager.swift in Sources */ = {isa = PBXBuildFile; fileRef = EA826C75297CF9E000F19F81 /* ScoringManager.swift */; };
		EA826C7A298492BA00F19F81 /* DecisionButtonSprite.swift in Sources */ = {isa = PBXBuildFile; fileRef = EA826C79298492BA00F19F81 /* DecisionButtonSprite.swift */; };
		EA826C7C29858EBE00F19F81 /* ContinueSprite.swift in Sources */ = {isa = PBXBuildFile; fileRef = EA826C7B29858EBE00F19F81 /* ContinueSprite.swift */; };
		EA826C81298CF3FF00F19F81 /* IAPManager.swift in Sources */ = {isa = PBXBuildFile; fileRef = EA826C80298CF3FF00F19F81 /* IAPManager.swift */; };
		EA826C83298D082B00F19F81 /* StoreKit.framework in Frameworks */ = {isa = PBXBuildFile; fileRef = EA826C82298D082B00F19F81 /* StoreKit.framework */; };
		EA826C85298DD6C600F19F81 /* ActivityIndicatorSprite.swift in Sources */ = {isa = PBXBuildFile; fileRef = EA826C84298DD6C600F19F81 /* ActivityIndicatorSprite.swift */; };
		EA826C87298E23A500F19F81 /* Player.swift in Sources */ = {isa = PBXBuildFile; fileRef = EA826C86298E23A500F19F81 /* Player.swift */; };
		EA826C8F298F485D00F19F81 /* AchievementBigSpender.swift in Sources */ = {isa = PBXBuildFile; fileRef = EA826C8E298F485D00F19F81 /* AchievementBigSpender.swift */; };
		EA826C91298F607E00F19F81 /* AchievementEndlessWallet.swift in Sources */ = {isa = PBXBuildFile; fileRef = EA826C90298F607E00F19F81 /* AchievementEndlessWallet.swift */; };
		EA826C93298F60C000F19F81 /* AchievementFatCat.swift in Sources */ = {isa = PBXBuildFile; fileRef = EA826C92298F60C000F19F81 /* AchievementFatCat.swift */; };
		EA826C95298F880B00F19F81 /* AchievementPUZLMaster.swift in Sources */ = {isa = PBXBuildFile; fileRef = EA826C94298F880B00F19F81 /* AchievementPUZLMaster.swift */; };
		EA826C9729938CBB00F19F81 /* StoreReviewManager.swift in Sources */ = {isa = PBXBuildFile; fileRef = EA826C9629938CBB00F19F81 /* StoreReviewManager.swift */; };
		EA826C9A29950D0C00F19F81 /* NumMovesSprite.swift in Sources */ = {isa = PBXBuildFile; fileRef = EA826C9929950D0C00F19F81 /* NumMovesSprite.swift */; };
		EA94E86529BDA536009F2614 /* PartyEffectSprite.swift in Sources */ = {isa = PBXBuildFile; fileRef = EA94E86429BDA536009F2614 /* PartyEffectSprite.swift */; };
		EA956C6A29257B9C00879AD0 /* AudioManager.swift in Sources */ = {isa = PBXBuildFile; fileRef = EA956C6929257B9C00879AD0 /* AudioManager.swift */; };
		EA956C6C29257D9600879AD0 /* Extension+Comparable.swift in Sources */ = {isa = PBXBuildFile; fileRef = EA956C6B29257D9600879AD0 /* Extension+Comparable.swift */; };
		EA956C75292595F400879AD0 /* overworld4.mp3 in Resources */ = {isa = PBXBuildFile; fileRef = EA956C74292595F400879AD0 /* overworld4.mp3 */; };
		EA95D18929459BC80061059C /* moveglide.mp3 in Resources */ = {isa = PBXBuildFile; fileRef = EA95D18829459BC80061059C /* moveglide.mp3 */; };
		EA95D18D29459D550061059C /* Extension+UIFont.swift in Sources */ = {isa = PBXBuildFile; fileRef = EA95D18C29459D550061059C /* Extension+UIFont.swift */; };
		EA95D18E2945A0200061059C /* LuckiestGuy-Regular.ttf in Resources */ = {isa = PBXBuildFile; fileRef = EA95D18B29459C4A0061059C /* LuckiestGuy-Regular.ttf */; };
		EA95D194294690890061059C /* warp.mp3 in Resources */ = {isa = PBXBuildFile; fileRef = EA95D193294690890061059C /* warp.mp3 */; };
		EA95D19B294690B70061059C /* boydead.mp3 in Resources */ = {isa = PBXBuildFile; fileRef = EA95D195294690B70061059C /* boydead.mp3 */; };
		EA95D19C294690B70061059C /* boyattack1.mp3 in Resources */ = {isa = PBXBuildFile; fileRef = EA95D196294690B70061059C /* boyattack1.mp3 */; };
		EA95D19E294690B70061059C /* boyattack2.mp3 in Resources */ = {isa = PBXBuildFile; fileRef = EA95D198294690B70061059C /* boyattack2.mp3 */; };
		EA95D19F294690B70061059C /* boyattack3.mp3 in Resources */ = {isa = PBXBuildFile; fileRef = EA95D199294690B70061059C /* boyattack3.mp3 */; };
		EA95D1A3294691820061059C /* boygrunt1.mp3 in Resources */ = {isa = PBXBuildFile; fileRef = EA95D1A1294691820061059C /* boygrunt1.mp3 */; };
		EA95D1A4294691820061059C /* boygrunt2.mp3 in Resources */ = {isa = PBXBuildFile; fileRef = EA95D1A2294691820061059C /* boygrunt2.mp3 */; };
		EA95D1A6294957060061059C /* Haptics.swift in Sources */ = {isa = PBXBuildFile; fileRef = EA95D1A5294957060061059C /* Haptics.swift */; };
		EA95D1AC294D08BC0061059C /* overworld5.mp3 in Resources */ = {isa = PBXBuildFile; fileRef = EA95D1AB294D08BB0061059C /* overworld5.mp3 */; };
		EA95D1B0294FBE4E0061059C /* GameCenterManager.swift in Sources */ = {isa = PBXBuildFile; fileRef = EA95D1AF294FBE4E0061059C /* GameCenterManager.swift */; };
		EA95D1B2294FBF2A0061059C /* Extension+Notification.Name.swift in Sources */ = {isa = PBXBuildFile; fileRef = EA95D1B1294FBF2A0061059C /* Extension+Notification.Name.swift */; };
		EA95D1B729524F0F0061059C /* BaseAchievement.swift in Sources */ = {isa = PBXBuildFile; fileRef = EA95D1B629524F0F0061059C /* BaseAchievement.swift */; };
		EA95D1B92952579A0061059C /* AchievementDragonSlayer.swift in Sources */ = {isa = PBXBuildFile; fileRef = EA95D1B82952579A0061059C /* AchievementDragonSlayer.swift */; };
		EA95D1BB2952F0680061059C /* Achievement.swift in Sources */ = {isa = PBXBuildFile; fileRef = EA95D1BA2952F0680061059C /* Achievement.swift */; };
		EA95D1BD2952F14C0061059C /* AchievementBoulderBreaker.swift in Sources */ = {isa = PBXBuildFile; fileRef = EA95D1BC2952F14C0061059C /* AchievementBoulderBreaker.swift */; };
		EA95D1BF29538C450061059C /* AchievementGemCollector.swift in Sources */ = {isa = PBXBuildFile; fileRef = EA95D1BE29538C450061059C /* AchievementGemCollector.swift */; };
		EA95D1C12953AB4B0061059C /* AchievementBeastMaster.swift in Sources */ = {isa = PBXBuildFile; fileRef = EA95D1C02953AB4B0061059C /* AchievementBeastMaster.swift */; };
		EA95D1C32953AC0F0061059C /* AchievementExterminator.swift in Sources */ = {isa = PBXBuildFile; fileRef = EA95D1C22953AC0F0061059C /* AchievementExterminator.swift */; };
		EA95D1C529541DA50061059C /* AchievementJewelConnoisseur.swift in Sources */ = {isa = PBXBuildFile; fileRef = EA95D1C429541DA40061059C /* AchievementJewelConnoisseur.swift */; };
		EA95D1C729541E8E0061059C /* AchievementMyPreciouses.swift in Sources */ = {isa = PBXBuildFile; fileRef = EA95D1C629541E8E0061059C /* AchievementMyPreciouses.swift */; };
		EA95D1C929541F360061059C /* AchievementStoneCutter.swift in Sources */ = {isa = PBXBuildFile; fileRef = EA95D1C829541F360061059C /* AchievementStoneCutter.swift */; };
		EA95D1CB29541F7F0061059C /* AchievementRockNRoller.swift in Sources */ = {isa = PBXBuildFile; fileRef = EA95D1CA29541F7F0061059C /* AchievementRockNRoller.swift */; };
		EA95D1CD29542C180061059C /* AchievementHotToTrot.swift in Sources */ = {isa = PBXBuildFile; fileRef = EA95D1CC29542C180061059C /* AchievementHotToTrot.swift */; };
		EA95D1CF29542C4C0061059C /* AchievementOnFire.swift in Sources */ = {isa = PBXBuildFile; fileRef = EA95D1CE29542C4C0061059C /* AchievementOnFire.swift */; };
		EA95D1D129542C720061059C /* AchievementNuclear.swift in Sources */ = {isa = PBXBuildFile; fileRef = EA95D1D029542C720061059C /* AchievementNuclear.swift */; };
		EA95D1D329544B4E0061059C /* AchievementBraniac.swift in Sources */ = {isa = PBXBuildFile; fileRef = EA95D1D229544B4E0061059C /* AchievementBraniac.swift */; };
		EA95D1D529544D990061059C /* AchievementEnigmatologist.swift in Sources */ = {isa = PBXBuildFile; fileRef = EA95D1D429544D990061059C /* AchievementEnigmatologist.swift */; };
		EA95D1D729544DBA0061059C /* AchievementPUZLGuru.swift in Sources */ = {isa = PBXBuildFile; fileRef = EA95D1D629544DBA0061059C /* AchievementPUZLGuru.swift */; };
		EA95D1DD295523FF0061059C /* AchievementKlutz.swift in Sources */ = {isa = PBXBuildFile; fileRef = EA95D1DC295523FF0061059C /* AchievementKlutz.swift */; };
		EA95D1DF295674AE0061059C /* ChatEngine.swift in Sources */ = {isa = PBXBuildFile; fileRef = EA95D1DE295674AE0061059C /* ChatEngine.swift */; };
		EA95D1FA295BEC160061059C /* DisplayLivesSprite.swift in Sources */ = {isa = PBXBuildFile; fileRef = EA95D1F9295BEC160061059C /* DisplayLivesSprite.swift */; };
		EA95D200295D83E40061059C /* Boogaloo-Regular.ttf in Resources */ = {isa = PBXBuildFile; fileRef = EA95D1FF295D83E40061059C /* Boogaloo-Regular.ttf */; };
		EA95D204295F86B30061059C /* AchievementScavenger.swift in Sources */ = {isa = PBXBuildFile; fileRef = EA95D203295F86B30061059C /* AchievementScavenger.swift */; };
		EA95D206295F86F40061059C /* AchievementItemWielder.swift in Sources */ = {isa = PBXBuildFile; fileRef = EA95D205295F86F40061059C /* AchievementItemWielder.swift */; };
		EA95D208295F87120061059C /* AchievementHoarder.swift in Sources */ = {isa = PBXBuildFile; fileRef = EA95D207295F87120061059C /* AchievementHoarder.swift */; };
		EA95D20A29602F540061059C /* AchievementReckless.swift in Sources */ = {isa = PBXBuildFile; fileRef = EA95D20929602F540061059C /* AchievementReckless.swift */; };
		EA95D20C296276670061059C /* AchievementSuperEfficient.swift in Sources */ = {isa = PBXBuildFile; fileRef = EA95D20B296276670061059C /* AchievementSuperEfficient.swift */; };
		EA95D20E2962C8AD0061059C /* AchievementSpeedDemon.swift in Sources */ = {isa = PBXBuildFile; fileRef = EA95D20D2962C8AD0061059C /* AchievementSpeedDemon.swift */; };
		EA95D2102962C9260061059C /* AchievementSlowPoke.swift in Sources */ = {isa = PBXBuildFile; fileRef = EA95D20F2962C9260061059C /* AchievementSlowPoke.swift */; };
		EA95D2122963B4580061059C /* LevelSkipEngine.swift in Sources */ = {isa = PBXBuildFile; fileRef = EA95D2112963B4580061059C /* LevelSkipEngine.swift */; };
		EA95D2142964FF350061059C /* SaveStateModel.swift in Sources */ = {isa = PBXBuildFile; fileRef = EA95D2132964FF350061059C /* SaveStateModel.swift */; };
		EA95D2172964FFCF0061059C /* FirebaseFirestore in Frameworks */ = {isa = PBXBuildFile; productRef = EA95D2162964FFCF0061059C /* FirebaseFirestore */; };
		EA95D2192964FFCF0061059C /* FirebaseFirestoreSwift in Frameworks */ = {isa = PBXBuildFile; productRef = EA95D2182964FFCF0061059C /* FirebaseFirestoreSwift */; };
		EAACB4A7296F80E700973EB8 /* AchievementAvidReader.swift in Sources */ = {isa = PBXBuildFile; fileRef = EAACB4A6296F80E700973EB8 /* AchievementAvidReader.swift */; };
		EAACB4B92971E08A00973EB8 /* chatclose.mp3 in Resources */ = {isa = PBXBuildFile; fileRef = EAACB4B82971E08A00973EB8 /* chatclose.mp3 */; };
		EAACB4BE297255FC00973EB8 /* GoogleMobileAds in Frameworks */ = {isa = PBXBuildFile; productRef = EAACB4BD297255FC00973EB8 /* GoogleMobileAds */; };
		EAAEA3BE2931A31200221963 /* movepoisoned.mp3 in Resources */ = {isa = PBXBuildFile; fileRef = EAAEA3BD2931A31200221963 /* movepoisoned.mp3 */; };
		EAAEA3C22931AA6E00221963 /* hammerswing.mp3 in Resources */ = {isa = PBXBuildFile; fileRef = EAAEA3C12931AA6E00221963 /* hammerswing.mp3 */; };
		EAAEA3C42931D0DA00221963 /* swordslash.mp3 in Resources */ = {isa = PBXBuildFile; fileRef = EAAEA3C32931D0DA00221963 /* swordslash.mp3 */; };
		EAAEA3C62931F08300221963 /* gameover.mp3 in Resources */ = {isa = PBXBuildFile; fileRef = EAAEA3C52931F08300221963 /* gameover.mp3 */; };
		EAAEA3CA2931F12B00221963 /* pickupitem.mp3 in Resources */ = {isa = PBXBuildFile; fileRef = EAAEA3C92931F12B00221963 /* pickupitem.mp3 */; };
		EAAEA3CC2931F14D00221963 /* winlevel.mp3 in Resources */ = {isa = PBXBuildFile; fileRef = EAAEA3CB2931F14D00221963 /* winlevel.mp3 */; };
		EAAEA3CE2932C47500221963 /* BackgroundObject.swift in Sources */ = {isa = PBXBuildFile; fileRef = EAAEA3CD2932C47500221963 /* BackgroundObject.swift */; };
		EAB69E0028EFCF5B00C31DB3 /* PlayerSprite.swift in Sources */ = {isa = PBXBuildFile; fileRef = EAB69DFF28EFCF5B00C31DB3 /* PlayerSprite.swift */; };
		EAB69E0428F3333000C31DB3 /* GameEngine.swift in Sources */ = {isa = PBXBuildFile; fileRef = EAB69E0328F3333000C31DB3 /* GameEngine.swift */; };
		EADEB3E92931404D00CDB232 /* dooropen.mp3 in Resources */ = {isa = PBXBuildFile; fileRef = EADEB3E82931404D00CDB232 /* dooropen.mp3 */; };
		EADEB3EB293150CB00CDB232 /* overworld.mp3 in Resources */ = {isa = PBXBuildFile; fileRef = EADEB3EA293150CB00CDB232 /* overworld.mp3 */; };
		EADEB3EF2931526700CDB232 /* overworld_egg.mp3 in Resources */ = {isa = PBXBuildFile; fileRef = EADEB3EC2931526600CDB232 /* overworld_egg.mp3 */; };
		EADEB3F02931526700CDB232 /* overworld_galaxy.mp3 in Resources */ = {isa = PBXBuildFile; fileRef = EADEB3ED2931526600CDB232 /* overworld_galaxy.mp3 */; };
		EADEB3F12931526700CDB232 /* overworld_throwback.mp3 in Resources */ = {isa = PBXBuildFile; fileRef = EADEB3EE2931526700CDB232 /* overworld_throwback.mp3 */; };
		EADEB3F32931572C00CDB232 /* overworld2.mp3 in Resources */ = {isa = PBXBuildFile; fileRef = EADEB3F22931572C00CDB232 /* overworld2.mp3 */; };
		EAF7181B29AFE65300E2ED82 /* overworld10.mp3 in Resources */ = {isa = PBXBuildFile; fileRef = EAF7181A29AFE65300E2ED82 /* overworld10.mp3 */; };
		EAF7181F29B1B2BC00E2ED82 /* movesand1.mp3 in Resources */ = {isa = PBXBuildFile; fileRef = EAF7181E29B1B2BC00E2ED82 /* movesand1.mp3 */; };
		EAF7182129B3097300E2ED82 /* lavasizzle.mp3 in Resources */ = {isa = PBXBuildFile; fileRef = EAF7182029B3097300E2ED82 /* lavasizzle.mp3 */; };
		EAF7182929B31BE800E2ED82 /* lavaappear1.mp3 in Resources */ = {isa = PBXBuildFile; fileRef = EAF7182829B31BE800E2ED82 /* lavaappear1.mp3 */; };
		EAF7182D29B3CC0500E2ED82 /* lavaappear2.mp3 in Resources */ = {isa = PBXBuildFile; fileRef = EAF7182C29B3CC0500E2ED82 /* lavaappear2.mp3 */; };
		EAF7183329B3D26F00E2ED82 /* movesand2.mp3 in Resources */ = {isa = PBXBuildFile; fileRef = EAF7183229B3D26F00E2ED82 /* movesand2.mp3 */; };
		EAF7183729B3D3FD00E2ED82 /* movesand3.mp3 in Resources */ = {isa = PBXBuildFile; fileRef = EAF7183629B3D3FD00E2ED82 /* movesand3.mp3 */; };
		EAF7183929B3D56B00E2ED82 /* lavaappear3.mp3 in Resources */ = {isa = PBXBuildFile; fileRef = EAF7183829B3D56B00E2ED82 /* lavaappear3.mp3 */; };
/* End PBXBuildFile section */

/* Begin PBXFileReference section */
		EA0F145C292994330013038E /* moverun1.mp3 */ = {isa = PBXFileReference; lastKnownFileType = audio.mp3; path = moverun1.mp3; sourceTree = "<group>"; };
		EA0F145E292994B00013038E /* movewalk.mp3 */ = {isa = PBXFileReference; lastKnownFileType = audio.mp3; path = movewalk.mp3; sourceTree = "<group>"; };
		EA0F146C2929D9C00013038E /* moverun4.mp3 */ = {isa = PBXFileReference; lastKnownFileType = audio.mp3; path = moverun4.mp3; sourceTree = "<group>"; };
		EA0F146D2929D9C00013038E /* moverun3.mp3 */ = {isa = PBXFileReference; lastKnownFileType = audio.mp3; path = moverun3.mp3; sourceTree = "<group>"; };
		EA0F146E2929D9C00013038E /* moverun2.mp3 */ = {isa = PBXFileReference; lastKnownFileType = audio.mp3; path = moverun2.mp3; sourceTree = "<group>"; };
		EA0F147C292B0A050013038E /* overworld3.mp3 */ = {isa = PBXFileReference; lastKnownFileType = audio.mp3; path = overworld3.mp3; sourceTree = "<group>"; };
		EA0F1480292B2F870013038E /* bouldersmash.mp3 */ = {isa = PBXFileReference; lastKnownFileType = audio.mp3; path = bouldersmash.mp3; sourceTree = "<group>"; };
		EA0F1490292CC8D90013038E /* enemydeath.mp3 */ = {isa = PBXFileReference; lastKnownFileType = audio.mp3; path = enemydeath.mp3; sourceTree = "<group>"; };
		EA0F84062937D4860031DA76 /* DayTheme.swift */ = {isa = PBXFileReference; lastKnownFileType = sourcecode.swift; path = DayTheme.swift; sourceTree = "<group>"; };
		EA1191522904BC4C009D0E3E /* DisplaySprite.swift */ = {isa = PBXFileReference; lastKnownFileType = sourcecode.swift; path = DisplaySprite.swift; sourceTree = "<group>"; };
		EA119154290CCA39009D0E3E /* Inventory.swift */ = {isa = PBXFileReference; lastKnownFileType = sourcecode.swift; path = Inventory.swift; sourceTree = "<group>"; };
		EA11915629121798009D0E3E /* Controls.swift */ = {isa = PBXFileReference; lastKnownFileType = sourcecode.swift; path = Controls.swift; sourceTree = "<group>"; };
		EA26F29029739DE800BF1AC8 /* AdMobManager.swift */ = {isa = PBXFileReference; lastKnownFileType = sourcecode.swift; path = AdMobManager.swift; sourceTree = "<group>"; };
		EA2AF74329B6D06000444E5A /* OfflinePlaySprite.swift */ = {isa = PBXFileReference; lastKnownFileType = sourcecode.swift; path = OfflinePlaySprite.swift; sourceTree = "<group>"; };
		EA2AF74729B6EDAC00444E5A /* gemcollectparty.mp3 */ = {isa = PBXFileReference; lastKnownFileType = audio.mp3; path = gemcollectparty.mp3; sourceTree = "<group>"; };
		EA34678D2998ED50002DDA02 /* LifeSpawnerModel.swift */ = {isa = PBXFileReference; lastKnownFileType = sourcecode.swift; path = LifeSpawnerModel.swift; sourceTree = "<group>"; };
		EA346790299B535F002DDA02 /* LevelStats.swift */ = {isa = PBXFileReference; lastKnownFileType = sourcecode.swift; path = LevelStats.swift; sourceTree = "<group>"; };
		EA34679829A03A19002DDA02 /* overworld7.mp3 */ = {isa = PBXFileReference; lastKnownFileType = audio.mp3; path = overworld7.mp3; sourceTree = "<group>"; };
		EA3467A029A400CB002DDA02 /* overworld8.mp3 */ = {isa = PBXFileReference; lastKnownFileType = audio.mp3; path = overworld8.mp3; sourceTree = "<group>"; };
		EA3467A229A403EF002DDA02 /* overworld9.mp3 */ = {isa = PBXFileReference; lastKnownFileType = audio.mp3; path = overworld9.mp3; sourceTree = "<group>"; };
		EA3467A429A8C659002DDA02 /* revive.mp3 */ = {isa = PBXFileReference; lastKnownFileType = audio.mp3; path = revive.mp3; sourceTree = "<group>"; };
		EA3467A629A8C68A002DDA02 /* pickupheart.mp3 */ = {isa = PBXFileReference; lastKnownFileType = audio.mp3; path = pickupheart.mp3; sourceTree = "<group>"; };
		EA3467A829A8C6CA002DDA02 /* chatopen.mp3 */ = {isa = PBXFileReference; lastKnownFileType = audio.mp3; path = chatopen.mp3; sourceTree = "<group>"; };
		EA3467AA29A8C6F6002DDA02 /* buttontap.mp3 */ = {isa = PBXFileReference; lastKnownFileType = audio.mp3; path = buttontap.mp3; sourceTree = "<group>"; };
		EA3467AC29A8C7C7002DDA02 /* continueloop.mp3 */ = {isa = PBXFileReference; lastKnownFileType = audio.mp3; path = continueloop.mp3; sourceTree = "<group>"; };
		EA3467AE29A8CB39002DDA02 /* overworld6.mp3 */ = {isa = PBXFileReference; lastKnownFileType = audio.mp3; path = overworld6.mp3; sourceTree = "<group>"; };
		EA3467B029A99332002DDA02 /* LoadingSprite.swift */ = {isa = PBXFileReference; lastKnownFileType = sourcecode.swift; path = LoadingSprite.swift; sourceTree = "<group>"; };
		EA3534882920612300C11FC0 /* DisplayStatusBarSprite.swift */ = {isa = PBXFileReference; lastKnownFileType = sourcecode.swift; path = DisplayStatusBarSprite.swift; sourceTree = "<group>"; };
		EA35348A29241FCD00C11FC0 /* LevelType.swift */ = {isa = PBXFileReference; lastKnownFileType = sourcecode.swift; path = LevelType.swift; sourceTree = "<group>"; };
		EA3951EC2938165A00D0B14A /* Extension+UIImage.swift */ = {isa = PBXFileReference; lastKnownFileType = sourcecode.swift; path = "Extension+UIImage.swift"; sourceTree = "<group>"; };
		EA3951F02939DE5900D0B14A /* ScoringEngine.swift */ = {isa = PBXFileReference; lastKnownFileType = sourcecode.swift; path = ScoringEngine.swift; sourceTree = "<group>"; };
		EA4D025A29B7D61C00F0C7B1 /* movemarsh3.mp3 */ = {isa = PBXFileReference; lastKnownFileType = audio.mp3; path = movemarsh3.mp3; sourceTree = "<group>"; };
		EA4D025C29B7E2B400F0C7B1 /* movemarsh2.mp3 */ = {isa = PBXFileReference; lastKnownFileType = audio.mp3; path = movemarsh2.mp3; sourceTree = "<group>"; };
		EA4D025E29B7E33600F0C7B1 /* movemarsh1.mp3 */ = {isa = PBXFileReference; lastKnownFileType = audio.mp3; path = movemarsh1.mp3; sourceTree = "<group>"; };
		EA4D026229B7F3AF00F0C7B1 /* PartyModeSprite.swift */ = {isa = PBXFileReference; lastKnownFileType = sourcecode.swift; path = PartyModeSprite.swift; sourceTree = "<group>"; };
		EA4D026429B90BF700F0C7B1 /* gemcollect.mp3 */ = {isa = PBXFileReference; lastKnownFileType = audio.mp3; path = gemcollect.mp3; sourceTree = "<group>"; };
		EA4D026629BA656200F0C7B1 /* TabBarEngine.swift */ = {isa = PBXFileReference; lastKnownFileType = sourcecode.swift; path = TabBarEngine.swift; sourceTree = "<group>"; };
		EA4D026829BA8C8E00F0C7B1 /* TabBarButton.swift */ = {isa = PBXFileReference; lastKnownFileType = sourcecode.swift; path = TabBarButton.swift; sourceTree = "<group>"; };
		EA4D026A29BC6ACE00F0C7B1 /* Extension+UIDevice.swift */ = {isa = PBXFileReference; lastKnownFileType = sourcecode.swift; path = "Extension+UIDevice.swift"; sourceTree = "<group>"; };
		EA65182728E4199E00E535BF /* PUZL Boy.app */ = {isa = PBXFileReference; explicitFileType = wrapper.application; includeInIndex = 0; path = "PUZL Boy.app"; sourceTree = BUILT_PRODUCTS_DIR; };
		EA65182A28E4199E00E535BF /* AppDelegate.swift */ = {isa = PBXFileReference; lastKnownFileType = sourcecode.swift; path = AppDelegate.swift; sourceTree = "<group>"; };
		EA65182C28E4199E00E535BF /* SceneDelegate.swift */ = {isa = PBXFileReference; lastKnownFileType = sourcecode.swift; path = SceneDelegate.swift; sourceTree = "<group>"; };
		EA65182E28E4199E00E535BF /* GameViewController.swift */ = {isa = PBXFileReference; lastKnownFileType = sourcecode.swift; path = GameViewController.swift; sourceTree = "<group>"; };
		EA65183328E419A000E535BF /* Assets.xcassets */ = {isa = PBXFileReference; lastKnownFileType = folder.assetcatalog; path = Assets.xcassets; sourceTree = "<group>"; };
		EA65183628E419A000E535BF /* Base */ = {isa = PBXFileReference; lastKnownFileType = file.storyboard; name = Base; path = Base.lproj/LaunchScreen.storyboard; sourceTree = "<group>"; };
		EA65183828E419A000E535BF /* Info.plist */ = {isa = PBXFileReference; lastKnownFileType = text.plist.xml; path = Info.plist; sourceTree = "<group>"; };
		EA65184228E420E400E535BF /* GameScene.swift */ = {isa = PBXFileReference; lastKnownFileType = sourcecode.swift; path = GameScene.swift; sourceTree = "<group>"; };
		EA65184428E5750C00E535BF /* GameboardSprite.swift */ = {isa = PBXFileReference; lastKnownFileType = sourcecode.swift; path = GameboardSprite.swift; sourceTree = "<group>"; };
		EA65189028E973D700E535BF /* Level.swift */ = {isa = PBXFileReference; fileEncoding = 4; lastKnownFileType = sourcecode.swift; path = Level.swift; sourceTree = "<group>"; };
		EA65189128E973D700E535BF /* LevelBuilder.swift */ = {isa = PBXFileReference; fileEncoding = 4; lastKnownFileType = sourcecode.swift; path = LevelBuilder.swift; sourceTree = "<group>"; };
		EA65189428EA207800E535BF /* Constants.swift */ = {isa = PBXFileReference; lastKnownFileType = sourcecode.swift; path = Constants.swift; sourceTree = "<group>"; };
		EA75F0EA292DF46200F09BD7 /* FIRManager.swift */ = {isa = PBXFileReference; lastKnownFileType = sourcecode.swift; path = FIRManager.swift; sourceTree = "<group>"; };
		EA75F0EC292DF57400F09BD7 /* LevelModel.swift */ = {isa = PBXFileReference; lastKnownFileType = sourcecode.swift; path = LevelModel.swift; sourceTree = "<group>"; };
		EA75F0EE292F55F900F09BD7 /* LaunchScene.swift */ = {isa = PBXFileReference; lastKnownFileType = sourcecode.swift; path = LaunchScene.swift; sourceTree = "<group>"; };
		EA78C36B29763B1C00292744 /* AchievementAdMobster.swift */ = {isa = PBXFileReference; lastKnownFileType = sourcecode.swift; path = AchievementAdMobster.swift; sourceTree = "<group>"; };
		EA78C36D29767D7600292744 /* GoogleService-Info.plist */ = {isa = PBXFileReference; fileEncoding = 4; lastKnownFileType = text.plist.xml; path = "GoogleService-Info.plist"; sourceTree = "<group>"; };
		EA826C73297CEFC500F19F81 /* TimerManager.swift */ = {isa = PBXFileReference; lastKnownFileType = sourcecode.swift; path = TimerManager.swift; sourceTree = "<group>"; };
		EA826C75297CF9E000F19F81 /* ScoringManager.swift */ = {isa = PBXFileReference; lastKnownFileType = sourcecode.swift; path = ScoringManager.swift; sourceTree = "<group>"; };
		EA826C79298492BA00F19F81 /* DecisionButtonSprite.swift */ = {isa = PBXFileReference; lastKnownFileType = sourcecode.swift; path = DecisionButtonSprite.swift; sourceTree = "<group>"; };
		EA826C7B29858EBE00F19F81 /* ContinueSprite.swift */ = {isa = PBXFileReference; lastKnownFileType = sourcecode.swift; path = ContinueSprite.swift; sourceTree = "<group>"; };
		EA826C80298CF3FF00F19F81 /* IAPManager.swift */ = {isa = PBXFileReference; lastKnownFileType = sourcecode.swift; path = IAPManager.swift; sourceTree = "<group>"; };
		EA826C82298D082B00F19F81 /* StoreKit.framework */ = {isa = PBXFileReference; lastKnownFileType = wrapper.framework; name = StoreKit.framework; path = System/Library/Frameworks/StoreKit.framework; sourceTree = SDKROOT; };
		EA826C84298DD6C600F19F81 /* ActivityIndicatorSprite.swift */ = {isa = PBXFileReference; lastKnownFileType = sourcecode.swift; path = ActivityIndicatorSprite.swift; sourceTree = "<group>"; };
		EA826C86298E23A500F19F81 /* Player.swift */ = {isa = PBXFileReference; lastKnownFileType = sourcecode.swift; path = Player.swift; sourceTree = "<group>"; };
		EA826C8E298F485D00F19F81 /* AchievementBigSpender.swift */ = {isa = PBXFileReference; lastKnownFileType = sourcecode.swift; path = AchievementBigSpender.swift; sourceTree = "<group>"; };
		EA826C90298F607E00F19F81 /* AchievementEndlessWallet.swift */ = {isa = PBXFileReference; lastKnownFileType = sourcecode.swift; path = AchievementEndlessWallet.swift; sourceTree = "<group>"; };
		EA826C92298F60C000F19F81 /* AchievementFatCat.swift */ = {isa = PBXFileReference; lastKnownFileType = sourcecode.swift; path = AchievementFatCat.swift; sourceTree = "<group>"; };
		EA826C94298F880B00F19F81 /* AchievementPUZLMaster.swift */ = {isa = PBXFileReference; lastKnownFileType = sourcecode.swift; path = AchievementPUZLMaster.swift; sourceTree = "<group>"; };
		EA826C9629938CBB00F19F81 /* StoreReviewManager.swift */ = {isa = PBXFileReference; lastKnownFileType = sourcecode.swift; path = StoreReviewManager.swift; sourceTree = "<group>"; };
		EA826C9929950D0C00F19F81 /* NumMovesSprite.swift */ = {isa = PBXFileReference; lastKnownFileType = sourcecode.swift; path = NumMovesSprite.swift; sourceTree = "<group>"; };
		EA94E86429BDA536009F2614 /* PartyEffectSprite.swift */ = {isa = PBXFileReference; lastKnownFileType = sourcecode.swift; path = PartyEffectSprite.swift; sourceTree = "<group>"; };
		EA956C6929257B9C00879AD0 /* AudioManager.swift */ = {isa = PBXFileReference; lastKnownFileType = sourcecode.swift; path = AudioManager.swift; sourceTree = "<group>"; };
		EA956C6B29257D9600879AD0 /* Extension+Comparable.swift */ = {isa = PBXFileReference; lastKnownFileType = sourcecode.swift; path = "Extension+Comparable.swift"; sourceTree = "<group>"; };
		EA956C74292595F400879AD0 /* overworld4.mp3 */ = {isa = PBXFileReference; lastKnownFileType = audio.mp3; path = overworld4.mp3; sourceTree = "<group>"; };
		EA95D18829459BC80061059C /* moveglide.mp3 */ = {isa = PBXFileReference; lastKnownFileType = audio.mp3; path = moveglide.mp3; sourceTree = "<group>"; };
		EA95D18B29459C4A0061059C /* LuckiestGuy-Regular.ttf */ = {isa = PBXFileReference; lastKnownFileType = file; path = "LuckiestGuy-Regular.ttf"; sourceTree = "<group>"; };
		EA95D18C29459D550061059C /* Extension+UIFont.swift */ = {isa = PBXFileReference; lastKnownFileType = sourcecode.swift; path = "Extension+UIFont.swift"; sourceTree = "<group>"; };
		EA95D193294690890061059C /* warp.mp3 */ = {isa = PBXFileReference; lastKnownFileType = audio.mp3; path = warp.mp3; sourceTree = "<group>"; };
		EA95D195294690B70061059C /* boydead.mp3 */ = {isa = PBXFileReference; lastKnownFileType = audio.mp3; path = boydead.mp3; sourceTree = "<group>"; };
		EA95D196294690B70061059C /* boyattack1.mp3 */ = {isa = PBXFileReference; lastKnownFileType = audio.mp3; path = boyattack1.mp3; sourceTree = "<group>"; };
		EA95D198294690B70061059C /* boyattack2.mp3 */ = {isa = PBXFileReference; lastKnownFileType = audio.mp3; path = boyattack2.mp3; sourceTree = "<group>"; };
		EA95D199294690B70061059C /* boyattack3.mp3 */ = {isa = PBXFileReference; lastKnownFileType = audio.mp3; path = boyattack3.mp3; sourceTree = "<group>"; };
		EA95D1A1294691820061059C /* boygrunt1.mp3 */ = {isa = PBXFileReference; lastKnownFileType = audio.mp3; path = boygrunt1.mp3; sourceTree = "<group>"; };
		EA95D1A2294691820061059C /* boygrunt2.mp3 */ = {isa = PBXFileReference; lastKnownFileType = audio.mp3; path = boygrunt2.mp3; sourceTree = "<group>"; };
		EA95D1A5294957060061059C /* Haptics.swift */ = {isa = PBXFileReference; lastKnownFileType = sourcecode.swift; path = Haptics.swift; sourceTree = "<group>"; };
		EA95D1AB294D08BB0061059C /* overworld5.mp3 */ = {isa = PBXFileReference; lastKnownFileType = audio.mp3; path = overworld5.mp3; sourceTree = "<group>"; };
		EA95D1AE294FBDD60061059C /* PUZL Boy.entitlements */ = {isa = PBXFileReference; lastKnownFileType = text.plist.entitlements; path = "PUZL Boy.entitlements"; sourceTree = "<group>"; };
		EA95D1AF294FBE4E0061059C /* GameCenterManager.swift */ = {isa = PBXFileReference; lastKnownFileType = sourcecode.swift; path = GameCenterManager.swift; sourceTree = "<group>"; };
		EA95D1B1294FBF2A0061059C /* Extension+Notification.Name.swift */ = {isa = PBXFileReference; lastKnownFileType = sourcecode.swift; path = "Extension+Notification.Name.swift"; sourceTree = "<group>"; };
		EA95D1B629524F0F0061059C /* BaseAchievement.swift */ = {isa = PBXFileReference; lastKnownFileType = sourcecode.swift; path = BaseAchievement.swift; sourceTree = "<group>"; };
		EA95D1B82952579A0061059C /* AchievementDragonSlayer.swift */ = {isa = PBXFileReference; lastKnownFileType = sourcecode.swift; path = AchievementDragonSlayer.swift; sourceTree = "<group>"; };
		EA95D1BA2952F0680061059C /* Achievement.swift */ = {isa = PBXFileReference; lastKnownFileType = sourcecode.swift; path = Achievement.swift; sourceTree = "<group>"; };
		EA95D1BC2952F14C0061059C /* AchievementBoulderBreaker.swift */ = {isa = PBXFileReference; lastKnownFileType = sourcecode.swift; path = AchievementBoulderBreaker.swift; sourceTree = "<group>"; };
		EA95D1BE29538C450061059C /* AchievementGemCollector.swift */ = {isa = PBXFileReference; lastKnownFileType = sourcecode.swift; path = AchievementGemCollector.swift; sourceTree = "<group>"; };
		EA95D1C02953AB4B0061059C /* AchievementBeastMaster.swift */ = {isa = PBXFileReference; lastKnownFileType = sourcecode.swift; path = AchievementBeastMaster.swift; sourceTree = "<group>"; };
		EA95D1C22953AC0F0061059C /* AchievementExterminator.swift */ = {isa = PBXFileReference; lastKnownFileType = sourcecode.swift; path = AchievementExterminator.swift; sourceTree = "<group>"; };
		EA95D1C429541DA40061059C /* AchievementJewelConnoisseur.swift */ = {isa = PBXFileReference; lastKnownFileType = sourcecode.swift; path = AchievementJewelConnoisseur.swift; sourceTree = "<group>"; };
		EA95D1C629541E8E0061059C /* AchievementMyPreciouses.swift */ = {isa = PBXFileReference; lastKnownFileType = sourcecode.swift; path = AchievementMyPreciouses.swift; sourceTree = "<group>"; };
		EA95D1C829541F360061059C /* AchievementStoneCutter.swift */ = {isa = PBXFileReference; lastKnownFileType = sourcecode.swift; path = AchievementStoneCutter.swift; sourceTree = "<group>"; };
		EA95D1CA29541F7F0061059C /* AchievementRockNRoller.swift */ = {isa = PBXFileReference; lastKnownFileType = sourcecode.swift; path = AchievementRockNRoller.swift; sourceTree = "<group>"; };
		EA95D1CC29542C180061059C /* AchievementHotToTrot.swift */ = {isa = PBXFileReference; lastKnownFileType = sourcecode.swift; path = AchievementHotToTrot.swift; sourceTree = "<group>"; };
		EA95D1CE29542C4C0061059C /* AchievementOnFire.swift */ = {isa = PBXFileReference; lastKnownFileType = sourcecode.swift; path = AchievementOnFire.swift; sourceTree = "<group>"; };
		EA95D1D029542C720061059C /* AchievementNuclear.swift */ = {isa = PBXFileReference; lastKnownFileType = sourcecode.swift; path = AchievementNuclear.swift; sourceTree = "<group>"; };
		EA95D1D229544B4E0061059C /* AchievementBraniac.swift */ = {isa = PBXFileReference; lastKnownFileType = sourcecode.swift; path = AchievementBraniac.swift; sourceTree = "<group>"; };
		EA95D1D429544D990061059C /* AchievementEnigmatologist.swift */ = {isa = PBXFileReference; lastKnownFileType = sourcecode.swift; path = AchievementEnigmatologist.swift; sourceTree = "<group>"; };
		EA95D1D629544DBA0061059C /* AchievementPUZLGuru.swift */ = {isa = PBXFileReference; lastKnownFileType = sourcecode.swift; path = AchievementPUZLGuru.swift; sourceTree = "<group>"; };
		EA95D1DC295523FF0061059C /* AchievementKlutz.swift */ = {isa = PBXFileReference; lastKnownFileType = sourcecode.swift; path = AchievementKlutz.swift; sourceTree = "<group>"; };
		EA95D1DE295674AE0061059C /* ChatEngine.swift */ = {isa = PBXFileReference; lastKnownFileType = sourcecode.swift; path = ChatEngine.swift; sourceTree = "<group>"; };
		EA95D1F9295BEC160061059C /* DisplayLivesSprite.swift */ = {isa = PBXFileReference; lastKnownFileType = sourcecode.swift; path = DisplayLivesSprite.swift; sourceTree = "<group>"; };
		EA95D1FF295D83E40061059C /* Boogaloo-Regular.ttf */ = {isa = PBXFileReference; lastKnownFileType = file; path = "Boogaloo-Regular.ttf"; sourceTree = "<group>"; };
		EA95D203295F86B30061059C /* AchievementScavenger.swift */ = {isa = PBXFileReference; lastKnownFileType = sourcecode.swift; path = AchievementScavenger.swift; sourceTree = "<group>"; };
		EA95D205295F86F40061059C /* AchievementItemWielder.swift */ = {isa = PBXFileReference; lastKnownFileType = sourcecode.swift; path = AchievementItemWielder.swift; sourceTree = "<group>"; };
		EA95D207295F87120061059C /* AchievementHoarder.swift */ = {isa = PBXFileReference; lastKnownFileType = sourcecode.swift; path = AchievementHoarder.swift; sourceTree = "<group>"; };
		EA95D20929602F540061059C /* AchievementReckless.swift */ = {isa = PBXFileReference; lastKnownFileType = sourcecode.swift; path = AchievementReckless.swift; sourceTree = "<group>"; };
		EA95D20B296276670061059C /* AchievementSuperEfficient.swift */ = {isa = PBXFileReference; lastKnownFileType = sourcecode.swift; path = AchievementSuperEfficient.swift; sourceTree = "<group>"; };
		EA95D20D2962C8AD0061059C /* AchievementSpeedDemon.swift */ = {isa = PBXFileReference; lastKnownFileType = sourcecode.swift; path = AchievementSpeedDemon.swift; sourceTree = "<group>"; };
		EA95D20F2962C9260061059C /* AchievementSlowPoke.swift */ = {isa = PBXFileReference; lastKnownFileType = sourcecode.swift; path = AchievementSlowPoke.swift; sourceTree = "<group>"; };
		EA95D2112963B4580061059C /* LevelSkipEngine.swift */ = {isa = PBXFileReference; lastKnownFileType = sourcecode.swift; path = LevelSkipEngine.swift; sourceTree = "<group>"; };
		EA95D2132964FF350061059C /* SaveStateModel.swift */ = {isa = PBXFileReference; lastKnownFileType = sourcecode.swift; path = SaveStateModel.swift; sourceTree = "<group>"; };
		EAACB4A6296F80E700973EB8 /* AchievementAvidReader.swift */ = {isa = PBXFileReference; lastKnownFileType = sourcecode.swift; path = AchievementAvidReader.swift; sourceTree = "<group>"; };
		EAACB4B82971E08A00973EB8 /* chatclose.mp3 */ = {isa = PBXFileReference; lastKnownFileType = audio.mp3; path = chatclose.mp3; sourceTree = "<group>"; };
		EAAEA3BD2931A31200221963 /* movepoisoned.mp3 */ = {isa = PBXFileReference; lastKnownFileType = audio.mp3; path = movepoisoned.mp3; sourceTree = "<group>"; };
		EAAEA3C12931AA6E00221963 /* hammerswing.mp3 */ = {isa = PBXFileReference; lastKnownFileType = audio.mp3; path = hammerswing.mp3; sourceTree = "<group>"; };
		EAAEA3C32931D0DA00221963 /* swordslash.mp3 */ = {isa = PBXFileReference; lastKnownFileType = audio.mp3; path = swordslash.mp3; sourceTree = "<group>"; };
		EAAEA3C52931F08300221963 /* gameover.mp3 */ = {isa = PBXFileReference; lastKnownFileType = audio.mp3; path = gameover.mp3; sourceTree = "<group>"; };
		EAAEA3C92931F12B00221963 /* pickupitem.mp3 */ = {isa = PBXFileReference; lastKnownFileType = audio.mp3; path = pickupitem.mp3; sourceTree = "<group>"; };
		EAAEA3CB2931F14D00221963 /* winlevel.mp3 */ = {isa = PBXFileReference; lastKnownFileType = audio.mp3; path = winlevel.mp3; sourceTree = "<group>"; };
		EAAEA3CD2932C47500221963 /* BackgroundObject.swift */ = {isa = PBXFileReference; lastKnownFileType = sourcecode.swift; path = BackgroundObject.swift; sourceTree = "<group>"; };
		EAB69DFF28EFCF5B00C31DB3 /* PlayerSprite.swift */ = {isa = PBXFileReference; lastKnownFileType = sourcecode.swift; path = PlayerSprite.swift; sourceTree = "<group>"; };
		EAB69E0328F3333000C31DB3 /* GameEngine.swift */ = {isa = PBXFileReference; lastKnownFileType = sourcecode.swift; path = GameEngine.swift; sourceTree = "<group>"; };
		EADEB3E82931404D00CDB232 /* dooropen.mp3 */ = {isa = PBXFileReference; lastKnownFileType = audio.mp3; path = dooropen.mp3; sourceTree = "<group>"; };
		EADEB3EA293150CB00CDB232 /* overworld.mp3 */ = {isa = PBXFileReference; lastKnownFileType = audio.mp3; path = overworld.mp3; sourceTree = "<group>"; };
		EADEB3EC2931526600CDB232 /* overworld_egg.mp3 */ = {isa = PBXFileReference; lastKnownFileType = audio.mp3; path = overworld_egg.mp3; sourceTree = "<group>"; };
		EADEB3ED2931526600CDB232 /* overworld_galaxy.mp3 */ = {isa = PBXFileReference; lastKnownFileType = audio.mp3; path = overworld_galaxy.mp3; sourceTree = "<group>"; };
		EADEB3EE2931526700CDB232 /* overworld_throwback.mp3 */ = {isa = PBXFileReference; lastKnownFileType = audio.mp3; path = overworld_throwback.mp3; sourceTree = "<group>"; };
		EADEB3F22931572C00CDB232 /* overworld2.mp3 */ = {isa = PBXFileReference; lastKnownFileType = audio.mp3; path = overworld2.mp3; sourceTree = "<group>"; };
		EAF7181A29AFE65300E2ED82 /* overworld10.mp3 */ = {isa = PBXFileReference; lastKnownFileType = audio.mp3; path = overworld10.mp3; sourceTree = "<group>"; };
		EAF7181E29B1B2BC00E2ED82 /* movesand1.mp3 */ = {isa = PBXFileReference; lastKnownFileType = audio.mp3; path = movesand1.mp3; sourceTree = "<group>"; };
		EAF7182029B3097300E2ED82 /* lavasizzle.mp3 */ = {isa = PBXFileReference; lastKnownFileType = audio.mp3; path = lavasizzle.mp3; sourceTree = "<group>"; };
		EAF7182829B31BE800E2ED82 /* lavaappear1.mp3 */ = {isa = PBXFileReference; lastKnownFileType = audio.mp3; path = lavaappear1.mp3; sourceTree = "<group>"; };
		EAF7182C29B3CC0500E2ED82 /* lavaappear2.mp3 */ = {isa = PBXFileReference; lastKnownFileType = audio.mp3; path = lavaappear2.mp3; sourceTree = "<group>"; };
		EAF7183229B3D26F00E2ED82 /* movesand2.mp3 */ = {isa = PBXFileReference; lastKnownFileType = audio.mp3; path = movesand2.mp3; sourceTree = "<group>"; };
		EAF7183629B3D3FD00E2ED82 /* movesand3.mp3 */ = {isa = PBXFileReference; lastKnownFileType = audio.mp3; path = movesand3.mp3; sourceTree = "<group>"; };
		EAF7183829B3D56B00E2ED82 /* lavaappear3.mp3 */ = {isa = PBXFileReference; lastKnownFileType = audio.mp3; path = lavaappear3.mp3; sourceTree = "<group>"; };
/* End PBXFileReference section */

/* Begin PBXFrameworksBuildPhase section */
		EA65182428E4199E00E535BF /* Frameworks */ = {
			isa = PBXFrameworksBuildPhase;
			buildActionMask = 2147483647;
			files = (
				EA826C83298D082B00F19F81 /* StoreKit.framework in Frameworks */,
				EA75F0E9292DDAAF00F09BD7 /* FirebaseDatabaseSwift in Frameworks */,
				EA75F0E3292DDAAF00F09BD7 /* FirebaseAnalyticsSwift in Frameworks */,
				EA75F0E5292DDAAF00F09BD7 /* FirebaseAuth in Frameworks */,
				EA95D2192964FFCF0061059C /* FirebaseFirestoreSwift in Frameworks */,
				EAACB4BE297255FC00973EB8 /* GoogleMobileAds in Frameworks */,
				EA75F0E7292DDAAF00F09BD7 /* FirebaseDatabase in Frameworks */,
				EA75F0E1292DDAAF00F09BD7 /* FirebaseAnalytics in Frameworks */,
				EA95D2172964FFCF0061059C /* FirebaseFirestore in Frameworks */,
			);
			runOnlyForDeploymentPostprocessing = 0;
		};
/* End PBXFrameworksBuildPhase section */

/* Begin PBXGroup section */
		EA34678F299AFF62002DDA02 /* Level */ = {
			isa = PBXGroup;
			children = (
				EA75F0EC292DF57400F09BD7 /* LevelModel.swift */,
				EA346790299B535F002DDA02 /* LevelStats.swift */,
				EA65189128E973D700E535BF /* LevelBuilder.swift */,
				EA65189028E973D700E535BF /* Level.swift */,
				EA35348A29241FCD00C11FC0 /* LevelType.swift */,
			);
			path = Level;
			sourceTree = "<group>";
		};
		EA65181E28E4199E00E535BF = {
			isa = PBXGroup;
			children = (
				EA65182928E4199E00E535BF /* PUZL Boy */,
				EA65182828E4199E00E535BF /* Products */,
				EA95D2152964FFCF0061059C /* Frameworks */,
			);
			sourceTree = "<group>";
		};
		EA65182828E4199E00E535BF /* Products */ = {
			isa = PBXGroup;
			children = (
				EA65182728E4199E00E535BF /* PUZL Boy.app */,
			);
			name = Products;
			sourceTree = "<group>";
		};
		EA65182928E4199E00E535BF /* PUZL Boy */ = {
			isa = PBXGroup;
			children = (
				EA98545728FE6F1900CDB0EF /* Utilities */,
				EA65183E28E419B000E535BF /* Models */,
				EA65183F28E419BB00E535BF /* Views */,
				EA65184028E419D600E535BF /* Controllers */,
				EA95D18629459AF60061059C /* Supporting Files */,
			);
			path = "PUZL Boy";
			sourceTree = "<group>";
		};
		EA65183E28E419B000E535BF /* Models */ = {
			isa = PBXGroup;
			children = (
				EA95D1B429524EB60061059C /* Game Center */,
				EA95D21A2967E07F0061059C /* Engines */,
				EA34678F299AFF62002DDA02 /* Level */,
				EA826C73297CEFC500F19F81 /* TimerManager.swift */,
				EA826C75297CF9E000F19F81 /* ScoringManager.swift */,
				EA95D2132964FF350061059C /* SaveStateModel.swift */,
				EA34678D2998ED50002DDA02 /* LifeSpawnerModel.swift */,
				EA826C86298E23A500F19F81 /* Player.swift */,
				EA119154290CCA39009D0E3E /* Inventory.swift */,
				EAAEA3CD2932C47500221963 /* BackgroundObject.swift */,
				EA0F84062937D4860031DA76 /* DayTheme.swift */,
				EA11915629121798009D0E3E /* Controls.swift */,
			);
			path = Models;
			sourceTree = "<group>";
		};
		EA65183F28E419BB00E535BF /* Views */ = {
			isa = PBXGroup;
			children = (
				EA65189628EAB1A600E535BF /* Sprites */,
				EA75F0F0292F560300F09BD7 /* Scenes */,
				EA65183528E419A000E535BF /* LaunchScreen.storyboard */,
			);
			path = Views;
			sourceTree = "<group>";
		};
		EA65184028E419D600E535BF /* Controllers */ = {
			isa = PBXGroup;
			children = (
				EA95D1B3294FC8D90061059C /* Delegates */,
				EA65182E28E4199E00E535BF /* GameViewController.swift */,
			);
			path = Controllers;
			sourceTree = "<group>";
		};
		EA65189628EAB1A600E535BF /* Sprites */ = {
			isa = PBXGroup;
			children = (
				EAB69DFF28EFCF5B00C31DB3 /* PlayerSprite.swift */,
				EA65184428E5750C00E535BF /* GameboardSprite.swift */,
				EA1191522904BC4C009D0E3E /* DisplaySprite.swift */,
				EA3534882920612300C11FC0 /* DisplayStatusBarSprite.swift */,
				EA95D1F9295BEC160061059C /* DisplayLivesSprite.swift */,
				EA826C7B29858EBE00F19F81 /* ContinueSprite.swift */,
				EA826C79298492BA00F19F81 /* DecisionButtonSprite.swift */,
				EA826C84298DD6C600F19F81 /* ActivityIndicatorSprite.swift */,
				EA826C9929950D0C00F19F81 /* NumMovesSprite.swift */,
				EA3467B029A99332002DDA02 /* LoadingSprite.swift */,
				EA2AF74329B6D06000444E5A /* OfflinePlaySprite.swift */,
				EA4D026229B7F3AF00F0C7B1 /* PartyModeSprite.swift */,
				EA94E86429BDA536009F2614 /* PartyEffectSprite.swift */,
			);
			path = Sprites;
			sourceTree = "<group>";
		};
		EA75F0F0292F560300F09BD7 /* Scenes */ = {
			isa = PBXGroup;
			children = (
				EA75F0EE292F55F900F09BD7 /* LaunchScene.swift */,
				EA65184228E420E400E535BF /* GameScene.swift */,
			);
			path = Scenes;
			sourceTree = "<group>";
		};
		EA826C9829938CE200F19F81 /* Extensions */ = {
			isa = PBXGroup;
			children = (
				EA956C6B29257D9600879AD0 /* Extension+Comparable.swift */,
				EA3951EC2938165A00D0B14A /* Extension+UIImage.swift */,
				EA95D18C29459D550061059C /* Extension+UIFont.swift */,
				EA95D1B1294FBF2A0061059C /* Extension+Notification.Name.swift */,
				EA4D026A29BC6ACE00F0C7B1 /* Extension+UIDevice.swift */,
			);
			path = Extensions;
			sourceTree = "<group>";
		};
		EA956C6D292586F800879AD0 /* Sounds */ = {
			isa = PBXGroup;
			children = (
				EA0F1480292B2F870013038E /* bouldersmash.mp3 */,
				EA95D196294690B70061059C /* boyattack1.mp3 */,
				EA95D198294690B70061059C /* boyattack2.mp3 */,
				EA95D199294690B70061059C /* boyattack3.mp3 */,
				EA95D195294690B70061059C /* boydead.mp3 */,
				EA95D1A1294691820061059C /* boygrunt1.mp3 */,
				EA95D1A2294691820061059C /* boygrunt2.mp3 */,
				EA3467AA29A8C6F6002DDA02 /* buttontap.mp3 */,
				EAACB4B82971E08A00973EB8 /* chatclose.mp3 */,
				EA3467A829A8C6CA002DDA02 /* chatopen.mp3 */,
				EA3467AC29A8C7C7002DDA02 /* continueloop.mp3 */,
				EADEB3E82931404D00CDB232 /* dooropen.mp3 */,
				EA0F1490292CC8D90013038E /* enemydeath.mp3 */,
				EAAEA3C52931F08300221963 /* gameover.mp3 */,
				EA4D026429B90BF700F0C7B1 /* gemcollect.mp3 */,
				EA2AF74729B6EDAC00444E5A /* gemcollectparty.mp3 */,
				EAAEA3C12931AA6E00221963 /* hammerswing.mp3 */,
				EAF7182829B31BE800E2ED82 /* lavaappear1.mp3 */,
				EAF7182C29B3CC0500E2ED82 /* lavaappear2.mp3 */,
				EAF7183829B3D56B00E2ED82 /* lavaappear3.mp3 */,
				EAF7182029B3097300E2ED82 /* lavasizzle.mp3 */,
				EA95D18829459BC80061059C /* moveglide.mp3 */,
				EA4D025E29B7E33600F0C7B1 /* movemarsh1.mp3 */,
				EA4D025C29B7E2B400F0C7B1 /* movemarsh2.mp3 */,
				EA4D025A29B7D61C00F0C7B1 /* movemarsh3.mp3 */,
				EAAEA3BD2931A31200221963 /* movepoisoned.mp3 */,
				EA0F145C292994330013038E /* moverun1.mp3 */,
				EA0F146E2929D9C00013038E /* moverun2.mp3 */,
				EA0F146D2929D9C00013038E /* moverun3.mp3 */,
				EA0F146C2929D9C00013038E /* moverun4.mp3 */,
				EAF7181E29B1B2BC00E2ED82 /* movesand1.mp3 */,
				EAF7183229B3D26F00E2ED82 /* movesand2.mp3 */,
				EAF7183629B3D3FD00E2ED82 /* movesand3.mp3 */,
				EA0F145E292994B00013038E /* movewalk.mp3 */,
				EADEB3EC2931526600CDB232 /* overworld_egg.mp3 */,
				EADEB3ED2931526600CDB232 /* overworld_galaxy.mp3 */,
				EADEB3EE2931526700CDB232 /* overworld_throwback.mp3 */,
				EADEB3EA293150CB00CDB232 /* overworld.mp3 */,
				EADEB3F22931572C00CDB232 /* overworld2.mp3 */,
				EA0F147C292B0A050013038E /* overworld3.mp3 */,
				EA956C74292595F400879AD0 /* overworld4.mp3 */,
				EA95D1AB294D08BB0061059C /* overworld5.mp3 */,
				EA3467AE29A8CB39002DDA02 /* overworld6.mp3 */,
				EA34679829A03A19002DDA02 /* overworld7.mp3 */,
				EA3467A029A400CB002DDA02 /* overworld8.mp3 */,
				EA3467A229A403EF002DDA02 /* overworld9.mp3 */,
				EAF7181A29AFE65300E2ED82 /* overworld10.mp3 */,
				EA3467A629A8C68A002DDA02 /* pickupheart.mp3 */,
				EAAEA3C92931F12B00221963 /* pickupitem.mp3 */,
				EA3467A429A8C659002DDA02 /* revive.mp3 */,
				EAAEA3C32931D0DA00221963 /* swordslash.mp3 */,
				EA95D193294690890061059C /* warp.mp3 */,
				EAAEA3CB2931F14D00221963 /* winlevel.mp3 */,
			);
			path = Sounds;
			sourceTree = "<group>";
		};
		EA95D18629459AF60061059C /* Supporting Files */ = {
			isa = PBXGroup;
			children = (
				EA95D1AE294FBDD60061059C /* PUZL Boy.entitlements */,
				EA78C36D29767D7600292744 /* GoogleService-Info.plist */,
				EA65183828E419A000E535BF /* Info.plist */,
				EA65183328E419A000E535BF /* Assets.xcassets */,
				EA95D18A29459C390061059C /* Fonts */,
				EA956C6D292586F800879AD0 /* Sounds */,
			);
			path = "Supporting Files";
			sourceTree = "<group>";
		};
		EA95D18A29459C390061059C /* Fonts */ = {
			isa = PBXGroup;
			children = (
				EA95D1FF295D83E40061059C /* Boogaloo-Regular.ttf */,
				EA95D18B29459C4A0061059C /* LuckiestGuy-Regular.ttf */,
			);
			path = Fonts;
			sourceTree = "<group>";
		};
		EA95D1B3294FC8D90061059C /* Delegates */ = {
			isa = PBXGroup;
			children = (
				EA65182A28E4199E00E535BF /* AppDelegate.swift */,
				EA65182C28E4199E00E535BF /* SceneDelegate.swift */,
			);
			path = Delegates;
			sourceTree = "<group>";
		};
		EA95D1B429524EB60061059C /* Game Center */ = {
			isa = PBXGroup;
			children = (
				EA95D1AF294FBE4E0061059C /* GameCenterManager.swift */,
				EA95D1B529524EC10061059C /* Achievements */,
			);
			path = "Game Center";
			sourceTree = "<group>";
		};
		EA95D1B529524EC10061059C /* Achievements */ = {
			isa = PBXGroup;
			children = (
				EA95D1BA2952F0680061059C /* Achievement.swift */,
				EA95D1B629524F0F0061059C /* BaseAchievement.swift */,
				EAACB4A6296F80E700973EB8 /* AchievementAvidReader.swift */,
				EA95D1C22953AC0F0061059C /* AchievementExterminator.swift */,
				EA95D1B82952579A0061059C /* AchievementDragonSlayer.swift */,
				EA95D1C02953AB4B0061059C /* AchievementBeastMaster.swift */,
				EA95D1C829541F360061059C /* AchievementStoneCutter.swift */,
				EA95D1BC2952F14C0061059C /* AchievementBoulderBreaker.swift */,
				EA95D1CA29541F7F0061059C /* AchievementRockNRoller.swift */,
				EA95D1BE29538C450061059C /* AchievementGemCollector.swift */,
				EA95D1C429541DA40061059C /* AchievementJewelConnoisseur.swift */,
				EA95D1C629541E8E0061059C /* AchievementMyPreciouses.swift */,
				EA95D1CC29542C180061059C /* AchievementHotToTrot.swift */,
				EA95D1CE29542C4C0061059C /* AchievementOnFire.swift */,
				EA95D1D029542C720061059C /* AchievementNuclear.swift */,
				EA95D1D229544B4E0061059C /* AchievementBraniac.swift */,
				EA95D1D429544D990061059C /* AchievementEnigmatologist.swift */,
				EA95D1D629544DBA0061059C /* AchievementPUZLGuru.swift */,
				EA95D203295F86B30061059C /* AchievementScavenger.swift */,
				EA95D205295F86F40061059C /* AchievementItemWielder.swift */,
				EA95D207295F87120061059C /* AchievementHoarder.swift */,
				EA95D1DC295523FF0061059C /* AchievementKlutz.swift */,
				EA95D20929602F540061059C /* AchievementReckless.swift */,
				EA95D20B296276670061059C /* AchievementSuperEfficient.swift */,
				EA95D20D2962C8AD0061059C /* AchievementSpeedDemon.swift */,
				EA95D20F2962C9260061059C /* AchievementSlowPoke.swift */,
				EA78C36B29763B1C00292744 /* AchievementAdMobster.swift */,
				EA826C8E298F485D00F19F81 /* AchievementBigSpender.swift */,
				EA826C90298F607E00F19F81 /* AchievementEndlessWallet.swift */,
				EA826C92298F60C000F19F81 /* AchievementFatCat.swift */,
				EA826C94298F880B00F19F81 /* AchievementPUZLMaster.swift */,
			);
			path = Achievements;
			sourceTree = "<group>";
		};
		EA95D2152964FFCF0061059C /* Frameworks */ = {
			isa = PBXGroup;
			children = (
				EA826C82298D082B00F19F81 /* StoreKit.framework */,
			);
			name = Frameworks;
			sourceTree = "<group>";
		};
		EA95D21A2967E07F0061059C /* Engines */ = {
			isa = PBXGroup;
			children = (
				EAB69E0328F3333000C31DB3 /* GameEngine.swift */,
				EA3951F02939DE5900D0B14A /* ScoringEngine.swift */,
				EA95D2112963B4580061059C /* LevelSkipEngine.swift */,
				EA95D1DE295674AE0061059C /* ChatEngine.swift */,
				EA4D026629BA656200F0C7B1 /* TabBarEngine.swift */,
				EA4D026829BA8C8E00F0C7B1 /* TabBarButton.swift */,
			);
			path = Engines;
			sourceTree = "<group>";
		};
		EA98545728FE6F1900CDB0EF /* Utilities */ = {
			isa = PBXGroup;
			children = (
				EA826C9829938CE200F19F81 /* Extensions */,
				EA65189428EA207800E535BF /* Constants.swift */,
				EA956C6929257B9C00879AD0 /* AudioManager.swift */,
				EA26F29029739DE800BF1AC8 /* AdMobManager.swift */,
				EA826C80298CF3FF00F19F81 /* IAPManager.swift */,
				EA75F0EA292DF46200F09BD7 /* FIRManager.swift */,
				EA826C9629938CBB00F19F81 /* StoreReviewManager.swift */,
				EA95D1A5294957060061059C /* Haptics.swift */,
			);
			path = Utilities;
			sourceTree = "<group>";
		};
/* End PBXGroup section */

/* Begin PBXNativeTarget section */
		EA65182628E4199E00E535BF /* PUZL Boy */ = {
			isa = PBXNativeTarget;
			buildConfigurationList = EA65183B28E419A000E535BF /* Build configuration list for PBXNativeTarget "PUZL Boy" */;
			buildPhases = (
				EA65182328E4199E00E535BF /* Sources */,
				EA65182428E4199E00E535BF /* Frameworks */,
				EA65182528E4199E00E535BF /* Resources */,
			);
			buildRules = (
			);
			dependencies = (
			);
			name = "PUZL Boy";
			packageProductDependencies = (
				EA75F0E0292DDAAF00F09BD7 /* FirebaseAnalytics */,
				EA75F0E2292DDAAF00F09BD7 /* FirebaseAnalyticsSwift */,
				EA75F0E4292DDAAF00F09BD7 /* FirebaseAuth */,
				EA75F0E6292DDAAF00F09BD7 /* FirebaseDatabase */,
				EA75F0E8292DDAAF00F09BD7 /* FirebaseDatabaseSwift */,
				EA95D2162964FFCF0061059C /* FirebaseFirestore */,
				EA95D2182964FFCF0061059C /* FirebaseFirestoreSwift */,
				EAACB4BD297255FC00973EB8 /* GoogleMobileAds */,
			);
			productName = "PUZL Man";
			productReference = EA65182728E4199E00E535BF /* PUZL Boy.app */;
			productType = "com.apple.product-type.application";
		};
/* End PBXNativeTarget section */

/* Begin PBXProject section */
		EA65181F28E4199E00E535BF /* Project object */ = {
			isa = PBXProject;
			attributes = {
				BuildIndependentTargetsInParallel = 1;
				LastSwiftUpdateCheck = 1400;
				LastUpgradeCheck = 1400;
				TargetAttributes = {
					EA65182628E4199E00E535BF = {
						CreatedOnToolsVersion = 14.0;
					};
				};
			};
			buildConfigurationList = EA65182228E4199E00E535BF /* Build configuration list for PBXProject "PUZL Boy" */;
			compatibilityVersion = "Xcode 14.0";
			developmentRegion = en;
			hasScannedForEncodings = 0;
			knownRegions = (
				en,
				Base,
			);
			mainGroup = EA65181E28E4199E00E535BF;
			packageReferences = (
				EA75F0DF292DDAAF00F09BD7 /* XCRemoteSwiftPackageReference "firebase-ios-sdk" */,
				EAACB4BC297255FC00973EB8 /* XCRemoteSwiftPackageReference "swift-package-manager-google-mobile-ads" */,
			);
			productRefGroup = EA65182828E4199E00E535BF /* Products */;
			projectDirPath = "";
			projectRoot = "";
			targets = (
				EA65182628E4199E00E535BF /* PUZL Boy */,
			);
		};
/* End PBXProject section */

/* Begin PBXResourcesBuildPhase section */
		EA65182528E4199E00E535BF /* Resources */ = {
			isa = PBXResourcesBuildPhase;
			buildActionMask = 2147483647;
			files = (
				EAAEA3CA2931F12B00221963 /* pickupitem.mp3 in Resources */,
				EAAEA3C62931F08300221963 /* gameover.mp3 in Resources */,
				EAF7183729B3D3FD00E2ED82 /* movesand3.mp3 in Resources */,
				EAAEA3BE2931A31200221963 /* movepoisoned.mp3 in Resources */,
				EA95D194294690890061059C /* warp.mp3 in Resources */,
				EA0F1481292B2F870013038E /* bouldersmash.mp3 in Resources */,
				EA95D19C294690B70061059C /* boyattack1.mp3 in Resources */,
				EA95D1A3294691820061059C /* boygrunt1.mp3 in Resources */,
				EAAEA3C22931AA6E00221963 /* hammerswing.mp3 in Resources */,
				EA0F145F292994B00013038E /* movewalk.mp3 in Resources */,
				EADEB3F02931526700CDB232 /* overworld_galaxy.mp3 in Resources */,
				EA34679929A03A19002DDA02 /* overworld7.mp3 in Resources */,
				EAF7182129B3097300E2ED82 /* lavasizzle.mp3 in Resources */,
				EA0F145D292994330013038E /* moverun1.mp3 in Resources */,
				EAAEA3C42931D0DA00221963 /* swordslash.mp3 in Resources */,
				EADEB3EF2931526700CDB232 /* overworld_egg.mp3 in Resources */,
				EADEB3F12931526700CDB232 /* overworld_throwback.mp3 in Resources */,
				EADEB3F32931572C00CDB232 /* overworld2.mp3 in Resources */,
				EA3467AD29A8C7C7002DDA02 /* continueloop.mp3 in Resources */,
				EA4D025D29B7E2B400F0C7B1 /* movemarsh2.mp3 in Resources */,
				EA65183728E419A000E535BF /* LaunchScreen.storyboard in Resources */,
				EAF7181B29AFE65300E2ED82 /* overworld10.mp3 in Resources */,
				EA95D18929459BC80061059C /* moveglide.mp3 in Resources */,
				EADEB3EB293150CB00CDB232 /* overworld.mp3 in Resources */,
				EA3467A329A403EF002DDA02 /* overworld9.mp3 in Resources */,
				EA4D025B29B7D61C00F0C7B1 /* movemarsh3.mp3 in Resources */,
				EA0F1491292CC8D90013038E /* enemydeath.mp3 in Resources */,
				EA4D026529B90BF800F0C7B1 /* gemcollect.mp3 in Resources */,
				EA3467AB29A8C6F6002DDA02 /* buttontap.mp3 in Resources */,
				EAACB4B92971E08A00973EB8 /* chatclose.mp3 in Resources */,
				EAF7181F29B1B2BC00E2ED82 /* movesand1.mp3 in Resources */,
				EA95D200295D83E40061059C /* Boogaloo-Regular.ttf in Resources */,
				EA95D19B294690B70061059C /* boydead.mp3 in Resources */,
				EA95D19E294690B70061059C /* boyattack2.mp3 in Resources */,
				EA3467A529A8C659002DDA02 /* revive.mp3 in Resources */,
				EA2AF74829B6EDAC00444E5A /* gemcollectparty.mp3 in Resources */,
				EADEB3E92931404D00CDB232 /* dooropen.mp3 in Resources */,
				EA3467A729A8C68A002DDA02 /* pickupheart.mp3 in Resources */,
				EA0F146F2929D9C00013038E /* moverun4.mp3 in Resources */,
				EA0F14702929D9C00013038E /* moverun3.mp3 in Resources */,
				EA3467A129A400CB002DDA02 /* overworld8.mp3 in Resources */,
				EA95D19F294690B70061059C /* boyattack3.mp3 in Resources */,
				EA95D18E2945A0200061059C /* LuckiestGuy-Regular.ttf in Resources */,
				EA95D1A4294691820061059C /* boygrunt2.mp3 in Resources */,
				EA65183428E419A000E535BF /* Assets.xcassets in Resources */,
				EAF7182929B31BE800E2ED82 /* lavaappear1.mp3 in Resources */,
				EAF7183329B3D26F00E2ED82 /* movesand2.mp3 in Resources */,
				EA3467A929A8C6CA002DDA02 /* chatopen.mp3 in Resources */,
				EAF7182D29B3CC0500E2ED82 /* lavaappear2.mp3 in Resources */,
				EA3467AF29A8CB39002DDA02 /* overworld6.mp3 in Resources */,
				EA0F147D292B0A050013038E /* overworld3.mp3 in Resources */,
				EA0F14712929D9C00013038E /* moverun2.mp3 in Resources */,
				EAF7183929B3D56B00E2ED82 /* lavaappear3.mp3 in Resources */,
				EA4D025F29B7E33600F0C7B1 /* movemarsh1.mp3 in Resources */,
				EA95D1AC294D08BC0061059C /* overworld5.mp3 in Resources */,
				EA956C75292595F400879AD0 /* overworld4.mp3 in Resources */,
				EA78C36E29767D7600292744 /* GoogleService-Info.plist in Resources */,
				EAAEA3CC2931F14D00221963 /* winlevel.mp3 in Resources */,
			);
			runOnlyForDeploymentPostprocessing = 0;
		};
/* End PBXResourcesBuildPhase section */

/* Begin PBXSourcesBuildPhase section */
		EA65182328E4199E00E535BF /* Sources */ = {
			isa = PBXSourcesBuildPhase;
			buildActionMask = 2147483647;
			files = (
				EA2AF74429B6D06000444E5A /* OfflinePlaySprite.swift in Sources */,
				EAACB4A7296F80E700973EB8 /* AchievementAvidReader.swift in Sources */,
				EA65189228E973D700E535BF /* Level.swift in Sources */,
				EA826C8F298F485D00F19F81 /* AchievementBigSpender.swift in Sources */,
				EA95D1B92952579A0061059C /* AchievementDragonSlayer.swift in Sources */,
				EA95D1DF295674AE0061059C /* ChatEngine.swift in Sources */,
				EA65184528E5750C00E535BF /* GameboardSprite.swift in Sources */,
				EA78C36C29763B1C00292744 /* AchievementAdMobster.swift in Sources */,
				EA75F0ED292DF57400F09BD7 /* LevelModel.swift in Sources */,
				EA3951ED2938165A00D0B14A /* Extension+UIImage.swift in Sources */,
				EA826C95298F880B00F19F81 /* AchievementPUZLMaster.swift in Sources */,
				EA95D1D529544D990061059C /* AchievementEnigmatologist.swift in Sources */,
				EA94E86529BDA536009F2614 /* PartyEffectSprite.swift in Sources */,
				EA95D1CD29542C180061059C /* AchievementHotToTrot.swift in Sources */,
				EA11915729121798009D0E3E /* Controls.swift in Sources */,
				EA826C74297CEFC500F19F81 /* TimerManager.swift in Sources */,
				EA35348B29241FCD00C11FC0 /* LevelType.swift in Sources */,
				EA119155290CCA39009D0E3E /* Inventory.swift in Sources */,
				EA95D1D129542C720061059C /* AchievementNuclear.swift in Sources */,
				EA95D1C529541DA50061059C /* AchievementJewelConnoisseur.swift in Sources */,
				EA3534892920612300C11FC0 /* DisplayStatusBarSprite.swift in Sources */,
				EA826C85298DD6C600F19F81 /* ActivityIndicatorSprite.swift in Sources */,
				EA95D1B729524F0F0061059C /* BaseAchievement.swift in Sources */,
				EA95D1B0294FBE4E0061059C /* GameCenterManager.swift in Sources */,
				EA95D1C32953AC0F0061059C /* AchievementExterminator.swift in Sources */,
				EA95D1CF29542C4C0061059C /* AchievementOnFire.swift in Sources */,
				EA75F0EB292DF46200F09BD7 /* FIRManager.swift in Sources */,
				EA95D1C12953AB4B0061059C /* AchievementBeastMaster.swift in Sources */,
				EA95D1C729541E8E0061059C /* AchievementMyPreciouses.swift in Sources */,
				EA95D1A6294957060061059C /* Haptics.swift in Sources */,
				EA95D1D329544B4E0061059C /* AchievementBraniac.swift in Sources */,
				EA95D1DD295523FF0061059C /* AchievementKlutz.swift in Sources */,
				EA1191532904BC4C009D0E3E /* DisplaySprite.swift in Sources */,
				EA95D20A29602F540061059C /* AchievementReckless.swift in Sources */,
				EA826C7A298492BA00F19F81 /* DecisionButtonSprite.swift in Sources */,
				EA95D1BD2952F14C0061059C /* AchievementBoulderBreaker.swift in Sources */,
				EA95D204295F86B30061059C /* AchievementScavenger.swift in Sources */,
				EA95D1B2294FBF2A0061059C /* Extension+Notification.Name.swift in Sources */,
				EA75F0EF292F55F900F09BD7 /* LaunchScene.swift in Sources */,
				EA26F29129739DE800BF1AC8 /* AdMobManager.swift in Sources */,
				EA0F84072937D4860031DA76 /* DayTheme.swift in Sources */,
				EA65182F28E4199E00E535BF /* GameViewController.swift in Sources */,
				EA95D1C929541F360061059C /* AchievementStoneCutter.swift in Sources */,
				EA826C9729938CBB00F19F81 /* StoreReviewManager.swift in Sources */,
				EA95D20E2962C8AD0061059C /* AchievementSpeedDemon.swift in Sources */,
				EA65182B28E4199E00E535BF /* AppDelegate.swift in Sources */,
				EA956C6C29257D9600879AD0 /* Extension+Comparable.swift in Sources */,
				EA95D1FA295BEC160061059C /* DisplayLivesSprite.swift in Sources */,
				EA95D1BB2952F0680061059C /* Achievement.swift in Sources */,
				EA3467B129A99332002DDA02 /* LoadingSprite.swift in Sources */,
				EA65184328E420E400E535BF /* GameScene.swift in Sources */,
				EA95D20C296276670061059C /* AchievementSuperEfficient.swift in Sources */,
				EA95D2102962C9260061059C /* AchievementSlowPoke.swift in Sources */,
				EA826C81298CF3FF00F19F81 /* IAPManager.swift in Sources */,
				EA4D026929BA8C8E00F0C7B1 /* TabBarButton.swift in Sources */,
				EA956C6A29257B9C00879AD0 /* AudioManager.swift in Sources */,
				EAB69E0428F3333000C31DB3 /* GameEngine.swift in Sources */,
				EA826C91298F607E00F19F81 /* AchievementEndlessWallet.swift in Sources */,
				EA95D2142964FF350061059C /* SaveStateModel.swift in Sources */,
				EA3951F12939DE5900D0B14A /* ScoringEngine.swift in Sources */,
				EAAEA3CE2932C47500221963 /* BackgroundObject.swift in Sources */,
				EA65182D28E4199E00E535BF /* SceneDelegate.swift in Sources */,
				EA826C9A29950D0C00F19F81 /* NumMovesSprite.swift in Sources */,
				EA826C93298F60C000F19F81 /* AchievementFatCat.swift in Sources */,
				EA346791299B535F002DDA02 /* LevelStats.swift in Sources */,
				EA4D026329B7F3AF00F0C7B1 /* PartyModeSprite.swift in Sources */,
				EA4D026B29BC6ACE00F0C7B1 /* Extension+UIDevice.swift in Sources */,
				EA95D2122963B4580061059C /* LevelSkipEngine.swift in Sources */,
				EA4D026729BA656200F0C7B1 /* TabBarEngine.swift in Sources */,
				EA95D18D29459D550061059C /* Extension+UIFont.swift in Sources */,
				EA34678E2998ED50002DDA02 /* LifeSpawnerModel.swift in Sources */,
				EA65189328E973D700E535BF /* LevelBuilder.swift in Sources */,
				EA65189528EA207800E535BF /* Constants.swift in Sources */,
				EA95D206295F86F40061059C /* AchievementItemWielder.swift in Sources */,
				EA95D1D729544DBA0061059C /* AchievementPUZLGuru.swift in Sources */,
				EA826C76297CF9E000F19F81 /* ScoringManager.swift in Sources */,
				EA95D1CB29541F7F0061059C /* AchievementRockNRoller.swift in Sources */,
				EA95D208295F87120061059C /* AchievementHoarder.swift in Sources */,
				EA826C87298E23A500F19F81 /* Player.swift in Sources */,
				EA826C7C29858EBE00F19F81 /* ContinueSprite.swift in Sources */,
				EAB69E0028EFCF5B00C31DB3 /* PlayerSprite.swift in Sources */,
				EA95D1BF29538C450061059C /* AchievementGemCollector.swift in Sources */,
			);
			runOnlyForDeploymentPostprocessing = 0;
		};
/* End PBXSourcesBuildPhase section */

/* Begin PBXVariantGroup section */
		EA65183528E419A000E535BF /* LaunchScreen.storyboard */ = {
			isa = PBXVariantGroup;
			children = (
				EA65183628E419A000E535BF /* Base */,
			);
			name = LaunchScreen.storyboard;
			sourceTree = "<group>";
		};
/* End PBXVariantGroup section */

/* Begin XCBuildConfiguration section */
		EA65183928E419A000E535BF /* Debug */ = {
			isa = XCBuildConfiguration;
			buildSettings = {
				ALWAYS_SEARCH_USER_PATHS = NO;
				CLANG_ANALYZER_NONNULL = YES;
				CLANG_ANALYZER_NUMBER_OBJECT_CONVERSION = YES_AGGRESSIVE;
				CLANG_CXX_LANGUAGE_STANDARD = "gnu++20";
				CLANG_ENABLE_MODULES = YES;
				CLANG_ENABLE_OBJC_ARC = YES;
				CLANG_ENABLE_OBJC_WEAK = YES;
				CLANG_WARN_BLOCK_CAPTURE_AUTORELEASING = YES;
				CLANG_WARN_BOOL_CONVERSION = YES;
				CLANG_WARN_COMMA = YES;
				CLANG_WARN_CONSTANT_CONVERSION = YES;
				CLANG_WARN_DEPRECATED_OBJC_IMPLEMENTATIONS = YES;
				CLANG_WARN_DIRECT_OBJC_ISA_USAGE = YES_ERROR;
				CLANG_WARN_DOCUMENTATION_COMMENTS = YES;
				CLANG_WARN_EMPTY_BODY = YES;
				CLANG_WARN_ENUM_CONVERSION = YES;
				CLANG_WARN_INFINITE_RECURSION = YES;
				CLANG_WARN_INT_CONVERSION = YES;
				CLANG_WARN_NON_LITERAL_NULL_CONVERSION = YES;
				CLANG_WARN_OBJC_IMPLICIT_RETAIN_SELF = YES;
				CLANG_WARN_OBJC_LITERAL_CONVERSION = YES;
				CLANG_WARN_OBJC_ROOT_CLASS = YES_ERROR;
				CLANG_WARN_QUOTED_INCLUDE_IN_FRAMEWORK_HEADER = YES;
				CLANG_WARN_RANGE_LOOP_ANALYSIS = YES;
				CLANG_WARN_STRICT_PROTOTYPES = YES;
				CLANG_WARN_SUSPICIOUS_MOVE = YES;
				CLANG_WARN_UNGUARDED_AVAILABILITY = YES_AGGRESSIVE;
				CLANG_WARN_UNREACHABLE_CODE = YES;
				CLANG_WARN__DUPLICATE_METHOD_MATCH = YES;
				COPY_PHASE_STRIP = NO;
				DEBUG_INFORMATION_FORMAT = dwarf;
				ENABLE_STRICT_OBJC_MSGSEND = YES;
				ENABLE_TESTABILITY = YES;
				GCC_C_LANGUAGE_STANDARD = gnu11;
				GCC_DYNAMIC_NO_PIC = NO;
				GCC_NO_COMMON_BLOCKS = YES;
				GCC_OPTIMIZATION_LEVEL = 0;
				GCC_PREPROCESSOR_DEFINITIONS = (
					"DEBUG=1",
					"$(inherited)",
				);
				GCC_WARN_64_TO_32_BIT_CONVERSION = YES;
				GCC_WARN_ABOUT_RETURN_TYPE = YES_ERROR;
				GCC_WARN_UNDECLARED_SELECTOR = YES;
				GCC_WARN_UNINITIALIZED_AUTOS = YES_AGGRESSIVE;
				GCC_WARN_UNUSED_FUNCTION = YES;
				GCC_WARN_UNUSED_VARIABLE = YES;
				IPHONEOS_DEPLOYMENT_TARGET = 13.0;
				MTL_ENABLE_DEBUG_INFO = INCLUDE_SOURCE;
				MTL_FAST_MATH = YES;
				ONLY_ACTIVE_ARCH = YES;
				SDKROOT = iphoneos;
				SWIFT_ACTIVE_COMPILATION_CONDITIONS = DEBUG;
				SWIFT_OPTIMIZATION_LEVEL = "-Onone";
			};
			name = Debug;
		};
		EA65183A28E419A000E535BF /* Release */ = {
			isa = XCBuildConfiguration;
			buildSettings = {
				ALWAYS_SEARCH_USER_PATHS = NO;
				CLANG_ANALYZER_NONNULL = YES;
				CLANG_ANALYZER_NUMBER_OBJECT_CONVERSION = YES_AGGRESSIVE;
				CLANG_CXX_LANGUAGE_STANDARD = "gnu++20";
				CLANG_ENABLE_MODULES = YES;
				CLANG_ENABLE_OBJC_ARC = YES;
				CLANG_ENABLE_OBJC_WEAK = YES;
				CLANG_WARN_BLOCK_CAPTURE_AUTORELEASING = YES;
				CLANG_WARN_BOOL_CONVERSION = YES;
				CLANG_WARN_COMMA = YES;
				CLANG_WARN_CONSTANT_CONVERSION = YES;
				CLANG_WARN_DEPRECATED_OBJC_IMPLEMENTATIONS = YES;
				CLANG_WARN_DIRECT_OBJC_ISA_USAGE = YES_ERROR;
				CLANG_WARN_DOCUMENTATION_COMMENTS = YES;
				CLANG_WARN_EMPTY_BODY = YES;
				CLANG_WARN_ENUM_CONVERSION = YES;
				CLANG_WARN_INFINITE_RECURSION = YES;
				CLANG_WARN_INT_CONVERSION = YES;
				CLANG_WARN_NON_LITERAL_NULL_CONVERSION = YES;
				CLANG_WARN_OBJC_IMPLICIT_RETAIN_SELF = YES;
				CLANG_WARN_OBJC_LITERAL_CONVERSION = YES;
				CLANG_WARN_OBJC_ROOT_CLASS = YES_ERROR;
				CLANG_WARN_QUOTED_INCLUDE_IN_FRAMEWORK_HEADER = YES;
				CLANG_WARN_RANGE_LOOP_ANALYSIS = YES;
				CLANG_WARN_STRICT_PROTOTYPES = YES;
				CLANG_WARN_SUSPICIOUS_MOVE = YES;
				CLANG_WARN_UNGUARDED_AVAILABILITY = YES_AGGRESSIVE;
				CLANG_WARN_UNREACHABLE_CODE = YES;
				CLANG_WARN__DUPLICATE_METHOD_MATCH = YES;
				COPY_PHASE_STRIP = NO;
				DEBUG_INFORMATION_FORMAT = "dwarf-with-dsym";
				ENABLE_NS_ASSERTIONS = NO;
				ENABLE_STRICT_OBJC_MSGSEND = YES;
				GCC_C_LANGUAGE_STANDARD = gnu11;
				GCC_NO_COMMON_BLOCKS = YES;
				GCC_WARN_64_TO_32_BIT_CONVERSION = YES;
				GCC_WARN_ABOUT_RETURN_TYPE = YES_ERROR;
				GCC_WARN_UNDECLARED_SELECTOR = YES;
				GCC_WARN_UNINITIALIZED_AUTOS = YES_AGGRESSIVE;
				GCC_WARN_UNUSED_FUNCTION = YES;
				GCC_WARN_UNUSED_VARIABLE = YES;
				IPHONEOS_DEPLOYMENT_TARGET = 13.0;
				MTL_ENABLE_DEBUG_INFO = NO;
				MTL_FAST_MATH = YES;
				SDKROOT = iphoneos;
				SWIFT_COMPILATION_MODE = wholemodule;
				SWIFT_OPTIMIZATION_LEVEL = "-O";
				VALIDATE_PRODUCT = YES;
			};
			name = Release;
		};
		EA65183C28E419A000E535BF /* Debug */ = {
			isa = XCBuildConfiguration;
			buildSettings = {
				ASSETCATALOG_COMPILER_APPICON_NAME = AppIcon;
				ASSETCATALOG_COMPILER_GLOBAL_ACCENT_COLOR_NAME = AccentColor;
				CODE_SIGN_ENTITLEMENTS = "PUZL Boy/Supporting Files/PUZL Boy.entitlements";
				CODE_SIGN_STYLE = Automatic;
				CURRENT_PROJECT_VERSION = 7;
				DEVELOPMENT_TEAM = LZ8V996BTJ;
				GENERATE_INFOPLIST_FILE = YES;
				INFOPLIST_FILE = "PUZL Boy/Supporting Files/Info.plist";
				INFOPLIST_KEY_UIApplicationSupportsIndirectInputEvents = YES;
				INFOPLIST_KEY_UILaunchStoryboardName = LaunchScreen;
				INFOPLIST_KEY_UIStatusBarStyle = "";
				INFOPLIST_KEY_UISupportedInterfaceOrientations = "UIInterfaceOrientationPortrait UIInterfaceOrientationPortraitUpsideDown";
				INFOPLIST_KEY_UISupportedInterfaceOrientations_iPad = "UIInterfaceOrientationLandscapeLeft UIInterfaceOrientationLandscapeRight UIInterfaceOrientationPortrait UIInterfaceOrientationPortraitUpsideDown";
				LD_RUNPATH_SEARCH_PATHS = (
					"$(inherited)",
					"@executable_path/Frameworks",
				);
				MARKETING_VERSION = 1.6;
				PRODUCT_BUNDLE_IDENTIFIER = "com.5play-apps.PUZL-Boy";
				PRODUCT_NAME = "$(TARGET_NAME)";
				SUPPORTED_PLATFORMS = "iphoneos iphonesimulator";
				SUPPORTS_MACCATALYST = NO;
				SUPPORTS_MAC_DESIGNED_FOR_IPHONE_IPAD = YES;
				SWIFT_EMIT_LOC_STRINGS = YES;
				SWIFT_VERSION = 5.0;
				TARGETED_DEVICE_FAMILY = "1,2";
			};
			name = Debug;
		};
		EA65183D28E419A000E535BF /* Release */ = {
			isa = XCBuildConfiguration;
			buildSettings = {
				ASSETCATALOG_COMPILER_APPICON_NAME = AppIcon;
				ASSETCATALOG_COMPILER_GLOBAL_ACCENT_COLOR_NAME = AccentColor;
				CODE_SIGN_ENTITLEMENTS = "PUZL Boy/Supporting Files/PUZL Boy.entitlements";
				CODE_SIGN_STYLE = Automatic;
				CURRENT_PROJECT_VERSION = 7;
				DEVELOPMENT_TEAM = LZ8V996BTJ;
				GENERATE_INFOPLIST_FILE = YES;
				INFOPLIST_FILE = "PUZL Boy/Supporting Files/Info.plist";
				INFOPLIST_KEY_UIApplicationSupportsIndirectInputEvents = YES;
				INFOPLIST_KEY_UILaunchStoryboardName = LaunchScreen;
				INFOPLIST_KEY_UIStatusBarStyle = "";
				INFOPLIST_KEY_UISupportedInterfaceOrientations = "UIInterfaceOrientationPortrait UIInterfaceOrientationPortraitUpsideDown";
				INFOPLIST_KEY_UISupportedInterfaceOrientations_iPad = "UIInterfaceOrientationLandscapeLeft UIInterfaceOrientationLandscapeRight UIInterfaceOrientationPortrait UIInterfaceOrientationPortraitUpsideDown";
				LD_RUNPATH_SEARCH_PATHS = (
					"$(inherited)",
					"@executable_path/Frameworks",
				);
				MARKETING_VERSION = 1.6;
				PRODUCT_BUNDLE_IDENTIFIER = "com.5play-apps.PUZL-Boy";
				PRODUCT_NAME = "$(TARGET_NAME)";
				SUPPORTED_PLATFORMS = "iphoneos iphonesimulator";
				SUPPORTS_MACCATALYST = NO;
				SUPPORTS_MAC_DESIGNED_FOR_IPHONE_IPAD = YES;
				SWIFT_EMIT_LOC_STRINGS = YES;
				SWIFT_VERSION = 5.0;
				TARGETED_DEVICE_FAMILY = "1,2";
			};
			name = Release;
		};
/* End XCBuildConfiguration section */

/* Begin XCConfigurationList section */
		EA65182228E4199E00E535BF /* Build configuration list for PBXProject "PUZL Boy" */ = {
			isa = XCConfigurationList;
			buildConfigurations = (
				EA65183928E419A000E535BF /* Debug */,
				EA65183A28E419A000E535BF /* Release */,
			);
			defaultConfigurationIsVisible = 0;
			defaultConfigurationName = Release;
		};
		EA65183B28E419A000E535BF /* Build configuration list for PBXNativeTarget "PUZL Boy" */ = {
			isa = XCConfigurationList;
			buildConfigurations = (
				EA65183C28E419A000E535BF /* Debug */,
				EA65183D28E419A000E535BF /* Release */,
			);
			defaultConfigurationIsVisible = 0;
			defaultConfigurationName = Release;
		};
/* End XCConfigurationList section */

/* Begin XCRemoteSwiftPackageReference section */
		EA75F0DF292DDAAF00F09BD7 /* XCRemoteSwiftPackageReference "firebase-ios-sdk" */ = {
			isa = XCRemoteSwiftPackageReference;
			repositoryURL = "https://github.com/firebase/firebase-ios-sdk";
			requirement = {
				branch = master;
				kind = branch;
			};
		};
		EAACB4BC297255FC00973EB8 /* XCRemoteSwiftPackageReference "swift-package-manager-google-mobile-ads" */ = {
			isa = XCRemoteSwiftPackageReference;
			repositoryURL = "https://github.com/googleads/swift-package-manager-google-mobile-ads.git";
			requirement = {
				kind = upToNextMajorVersion;
				minimumVersion = 9.0.0;
			};
		};
/* End XCRemoteSwiftPackageReference section */

/* Begin XCSwiftPackageProductDependency section */
		EA75F0E0292DDAAF00F09BD7 /* FirebaseAnalytics */ = {
			isa = XCSwiftPackageProductDependency;
			package = EA75F0DF292DDAAF00F09BD7 /* XCRemoteSwiftPackageReference "firebase-ios-sdk" */;
			productName = FirebaseAnalytics;
		};
		EA75F0E2292DDAAF00F09BD7 /* FirebaseAnalyticsSwift */ = {
			isa = XCSwiftPackageProductDependency;
			package = EA75F0DF292DDAAF00F09BD7 /* XCRemoteSwiftPackageReference "firebase-ios-sdk" */;
			productName = FirebaseAnalyticsSwift;
		};
		EA75F0E4292DDAAF00F09BD7 /* FirebaseAuth */ = {
			isa = XCSwiftPackageProductDependency;
			package = EA75F0DF292DDAAF00F09BD7 /* XCRemoteSwiftPackageReference "firebase-ios-sdk" */;
			productName = FirebaseAuth;
		};
		EA75F0E6292DDAAF00F09BD7 /* FirebaseDatabase */ = {
			isa = XCSwiftPackageProductDependency;
			package = EA75F0DF292DDAAF00F09BD7 /* XCRemoteSwiftPackageReference "firebase-ios-sdk" */;
			productName = FirebaseDatabase;
		};
		EA75F0E8292DDAAF00F09BD7 /* FirebaseDatabaseSwift */ = {
			isa = XCSwiftPackageProductDependency;
			package = EA75F0DF292DDAAF00F09BD7 /* XCRemoteSwiftPackageReference "firebase-ios-sdk" */;
			productName = FirebaseDatabaseSwift;
		};
		EA95D2162964FFCF0061059C /* FirebaseFirestore */ = {
			isa = XCSwiftPackageProductDependency;
			package = EA75F0DF292DDAAF00F09BD7 /* XCRemoteSwiftPackageReference "firebase-ios-sdk" */;
			productName = FirebaseFirestore;
		};
		EA95D2182964FFCF0061059C /* FirebaseFirestoreSwift */ = {
			isa = XCSwiftPackageProductDependency;
			package = EA75F0DF292DDAAF00F09BD7 /* XCRemoteSwiftPackageReference "firebase-ios-sdk" */;
			productName = FirebaseFirestoreSwift;
		};
		EAACB4BD297255FC00973EB8 /* GoogleMobileAds */ = {
			isa = XCSwiftPackageProductDependency;
			package = EAACB4BC297255FC00973EB8 /* XCRemoteSwiftPackageReference "swift-package-manager-google-mobile-ads" */;
			productName = GoogleMobileAds;
		};
/* End XCSwiftPackageProductDependency section */
	};
	rootObject = EA65181F28E4199E00E535BF /* Project object */;
}
