// !$*UTF8*$!
{
	archiveVersion = 1;
	classes = {
	};
	objectVersion = 56;
	objects = {

/* Begin PBXBuildFile section */
		EA0F145D292994330013038E /* moverun1.mp3 in Resources */ = {isa = PBXBuildFile; fileRef = EA0F145C292994330013038E /* moverun1.mp3 */; };
		EA0F145F292994B00013038E /* movewalk.mp3 in Resources */ = {isa = PBXBuildFile; fileRef = EA0F145E292994B00013038E /* movewalk.mp3 */; };
		EA0F146F2929D9C00013038E /* moverun4.mp3 in Resources */ = {isa = PBXBuildFile; fileRef = EA0F146C2929D9C00013038E /* moverun4.mp3 */; };
		EA0F14702929D9C00013038E /* moverun3.mp3 in Resources */ = {isa = PBXBuildFile; fileRef = EA0F146D2929D9C00013038E /* moverun3.mp3 */; };
		EA0F14712929D9C00013038E /* moverun2.mp3 in Resources */ = {isa = PBXBuildFile; fileRef = EA0F146E2929D9C00013038E /* moverun2.mp3 */; };
		EA0F147D292B0A050013038E /* overworld3.mp3 in Resources */ = {isa = PBXBuildFile; fileRef = EA0F147C292B0A050013038E /* overworld3.mp3 */; };
		EA0F1481292B2F870013038E /* bouldersmash.mp3 in Resources */ = {isa = PBXBuildFile; fileRef = EA0F1480292B2F870013038E /* bouldersmash.mp3 */; };
		EA0F1491292CC8D90013038E /* enemydeath.mp3 in Resources */ = {isa = PBXBuildFile; fileRef = EA0F1490292CC8D90013038E /* enemydeath.mp3 */; };
		EA0F84072937D4860031DA76 /* DayTheme.swift in Sources */ = {isa = PBXBuildFile; fileRef = EA0F84062937D4860031DA76 /* DayTheme.swift */; };
		EA1191532904BC4C009D0E3E /* DisplaySprite.swift in Sources */ = {isa = PBXBuildFile; fileRef = EA1191522904BC4C009D0E3E /* DisplaySprite.swift */; };
		EA119155290CCA39009D0E3E /* Inventory.swift in Sources */ = {isa = PBXBuildFile; fileRef = EA119154290CCA39009D0E3E /* Inventory.swift */; };
		EA11915729121798009D0E3E /* Controls.swift in Sources */ = {isa = PBXBuildFile; fileRef = EA11915629121798009D0E3E /* Controls.swift */; };
		EA3534892920612300C11FC0 /* DisplayStatusBarSprite.swift in Sources */ = {isa = PBXBuildFile; fileRef = EA3534882920612300C11FC0 /* DisplayStatusBarSprite.swift */; };
		EA35348B29241FCD00C11FC0 /* LevelType.swift in Sources */ = {isa = PBXBuildFile; fileRef = EA35348A29241FCD00C11FC0 /* LevelType.swift */; };
		EA3951ED2938165A00D0B14A /* Extension+UIImage.swift in Sources */ = {isa = PBXBuildFile; fileRef = EA3951EC2938165A00D0B14A /* Extension+UIImage.swift */; };
		EA3951F12939DE5900D0B14A /* ScoringEngine.swift in Sources */ = {isa = PBXBuildFile; fileRef = EA3951F02939DE5900D0B14A /* ScoringEngine.swift */; };
		EA65182B28E4199E00E535BF /* AppDelegate.swift in Sources */ = {isa = PBXBuildFile; fileRef = EA65182A28E4199E00E535BF /* AppDelegate.swift */; };
		EA65182D28E4199E00E535BF /* SceneDelegate.swift in Sources */ = {isa = PBXBuildFile; fileRef = EA65182C28E4199E00E535BF /* SceneDelegate.swift */; };
		EA65182F28E4199E00E535BF /* GameViewController.swift in Sources */ = {isa = PBXBuildFile; fileRef = EA65182E28E4199E00E535BF /* GameViewController.swift */; };
		EA65183428E419A000E535BF /* Assets.xcassets in Resources */ = {isa = PBXBuildFile; fileRef = EA65183328E419A000E535BF /* Assets.xcassets */; };
		EA65183728E419A000E535BF /* LaunchScreen.storyboard in Resources */ = {isa = PBXBuildFile; fileRef = EA65183528E419A000E535BF /* LaunchScreen.storyboard */; };
		EA65184328E420E400E535BF /* GameScene.swift in Sources */ = {isa = PBXBuildFile; fileRef = EA65184228E420E400E535BF /* GameScene.swift */; };
		EA65184528E5750C00E535BF /* GameboardSprite.swift in Sources */ = {isa = PBXBuildFile; fileRef = EA65184428E5750C00E535BF /* GameboardSprite.swift */; };
		EA65189228E973D700E535BF /* Level.swift in Sources */ = {isa = PBXBuildFile; fileRef = EA65189028E973D700E535BF /* Level.swift */; };
		EA65189328E973D700E535BF /* LevelBuilder.swift in Sources */ = {isa = PBXBuildFile; fileRef = EA65189128E973D700E535BF /* LevelBuilder.swift */; };
		EA65189528EA207800E535BF /* Constants.swift in Sources */ = {isa = PBXBuildFile; fileRef = EA65189428EA207800E535BF /* Constants.swift */; };
		EA75F0DE292DD61E00F09BD7 /* GoogleService-Info.plist in Resources */ = {isa = PBXBuildFile; fileRef = EA75F0DD292DD61E00F09BD7 /* GoogleService-Info.plist */; };
		EA75F0E1292DDAAF00F09BD7 /* FirebaseAnalytics in Frameworks */ = {isa = PBXBuildFile; productRef = EA75F0E0292DDAAF00F09BD7 /* FirebaseAnalytics */; };
		EA75F0E3292DDAAF00F09BD7 /* FirebaseAnalyticsSwift in Frameworks */ = {isa = PBXBuildFile; productRef = EA75F0E2292DDAAF00F09BD7 /* FirebaseAnalyticsSwift */; };
		EA75F0E5292DDAAF00F09BD7 /* FirebaseAuth in Frameworks */ = {isa = PBXBuildFile; productRef = EA75F0E4292DDAAF00F09BD7 /* FirebaseAuth */; };
		EA75F0E7292DDAAF00F09BD7 /* FirebaseDatabase in Frameworks */ = {isa = PBXBuildFile; productRef = EA75F0E6292DDAAF00F09BD7 /* FirebaseDatabase */; };
		EA75F0E9292DDAAF00F09BD7 /* FirebaseDatabaseSwift in Frameworks */ = {isa = PBXBuildFile; productRef = EA75F0E8292DDAAF00F09BD7 /* FirebaseDatabaseSwift */; };
		EA75F0EB292DF46200F09BD7 /* FIRManager.swift in Sources */ = {isa = PBXBuildFile; fileRef = EA75F0EA292DF46200F09BD7 /* FIRManager.swift */; };
		EA75F0ED292DF57400F09BD7 /* LevelModel.swift in Sources */ = {isa = PBXBuildFile; fileRef = EA75F0EC292DF57400F09BD7 /* LevelModel.swift */; };
		EA75F0EF292F55F900F09BD7 /* LaunchScene.swift in Sources */ = {isa = PBXBuildFile; fileRef = EA75F0EE292F55F900F09BD7 /* LaunchScene.swift */; };
		EA956C6A29257B9C00879AD0 /* AudioManager.swift in Sources */ = {isa = PBXBuildFile; fileRef = EA956C6929257B9C00879AD0 /* AudioManager.swift */; };
		EA956C6C29257D9600879AD0 /* Extension+Comparable.swift in Sources */ = {isa = PBXBuildFile; fileRef = EA956C6B29257D9600879AD0 /* Extension+Comparable.swift */; };
		EA956C7329258B1700879AD0 /* Main.storyboard in Resources */ = {isa = PBXBuildFile; fileRef = EA956C7129258B1700879AD0 /* Main.storyboard */; };
		EA956C75292595F400879AD0 /* overworld4.mp3 in Resources */ = {isa = PBXBuildFile; fileRef = EA956C74292595F400879AD0 /* overworld4.mp3 */; };
		EA95D18929459BC80061059C /* moveglide.mp3 in Resources */ = {isa = PBXBuildFile; fileRef = EA95D18829459BC80061059C /* moveglide.mp3 */; };
		EA95D18D29459D550061059C /* Extension+UIFont.swift in Sources */ = {isa = PBXBuildFile; fileRef = EA95D18C29459D550061059C /* Extension+UIFont.swift */; };
		EA95D18E2945A0200061059C /* LuckiestGuy-Regular.ttf in Resources */ = {isa = PBXBuildFile; fileRef = EA95D18B29459C4A0061059C /* LuckiestGuy-Regular.ttf */; };
		EA95D194294690890061059C /* warp.mp3 in Resources */ = {isa = PBXBuildFile; fileRef = EA95D193294690890061059C /* warp.mp3 */; };
		EA95D19B294690B70061059C /* boydead.mp3 in Resources */ = {isa = PBXBuildFile; fileRef = EA95D195294690B70061059C /* boydead.mp3 */; };
		EA95D19C294690B70061059C /* boyattack1.mp3 in Resources */ = {isa = PBXBuildFile; fileRef = EA95D196294690B70061059C /* boyattack1.mp3 */; };
		EA95D19E294690B70061059C /* boyattack2.mp3 in Resources */ = {isa = PBXBuildFile; fileRef = EA95D198294690B70061059C /* boyattack2.mp3 */; };
		EA95D19F294690B70061059C /* boyattack3.mp3 in Resources */ = {isa = PBXBuildFile; fileRef = EA95D199294690B70061059C /* boyattack3.mp3 */; };
		EA95D1A3294691820061059C /* boygrunt1.mp3 in Resources */ = {isa = PBXBuildFile; fileRef = EA95D1A1294691820061059C /* boygrunt1.mp3 */; };
		EA95D1A4294691820061059C /* boygrunt2.mp3 in Resources */ = {isa = PBXBuildFile; fileRef = EA95D1A2294691820061059C /* boygrunt2.mp3 */; };
		EA95D1A6294957060061059C /* Haptics.swift in Sources */ = {isa = PBXBuildFile; fileRef = EA95D1A5294957060061059C /* Haptics.swift */; };
		EA95D1AC294D08BC0061059C /* overworld5.mp3 in Resources */ = {isa = PBXBuildFile; fileRef = EA95D1AB294D08BB0061059C /* overworld5.mp3 */; };
		EA95D1B0294FBE4E0061059C /* GameCenterManager.swift in Sources */ = {isa = PBXBuildFile; fileRef = EA95D1AF294FBE4E0061059C /* GameCenterManager.swift */; };
		EA95D1B2294FBF2A0061059C /* Extension+Notification.Name.swift in Sources */ = {isa = PBXBuildFile; fileRef = EA95D1B1294FBF2A0061059C /* Extension+Notification.Name.swift */; };
		EA95D1B729524F0F0061059C /* BaseAchievement.swift in Sources */ = {isa = PBXBuildFile; fileRef = EA95D1B629524F0F0061059C /* BaseAchievement.swift */; };
		EA95D1B92952579A0061059C /* AchievementDragonSlayer.swift in Sources */ = {isa = PBXBuildFile; fileRef = EA95D1B82952579A0061059C /* AchievementDragonSlayer.swift */; };
		EA95D1BB2952F0680061059C /* Achievement.swift in Sources */ = {isa = PBXBuildFile; fileRef = EA95D1BA2952F0680061059C /* Achievement.swift */; };
		EA95D1BD2952F14C0061059C /* AchievementBoulderBreaker.swift in Sources */ = {isa = PBXBuildFile; fileRef = EA95D1BC2952F14C0061059C /* AchievementBoulderBreaker.swift */; };
		EA95D1BF29538C450061059C /* AchievementGemCollector.swift in Sources */ = {isa = PBXBuildFile; fileRef = EA95D1BE29538C450061059C /* AchievementGemCollector.swift */; };
		EA95D1C12953AB4B0061059C /* AchievementBeastMaster.swift in Sources */ = {isa = PBXBuildFile; fileRef = EA95D1C02953AB4B0061059C /* AchievementBeastMaster.swift */; };
		EA95D1C32953AC0F0061059C /* AchievementExterminator.swift in Sources */ = {isa = PBXBuildFile; fileRef = EA95D1C22953AC0F0061059C /* AchievementExterminator.swift */; };
		EA95D1C529541DA50061059C /* AchievementJewelConnoisseur.swift in Sources */ = {isa = PBXBuildFile; fileRef = EA95D1C429541DA40061059C /* AchievementJewelConnoisseur.swift */; };
		EA95D1C729541E8E0061059C /* AchievementMyPreciouses.swift in Sources */ = {isa = PBXBuildFile; fileRef = EA95D1C629541E8E0061059C /* AchievementMyPreciouses.swift */; };
		EA95D1C929541F360061059C /* AchievementStoneCutter.swift in Sources */ = {isa = PBXBuildFile; fileRef = EA95D1C829541F360061059C /* AchievementStoneCutter.swift */; };
		EA95D1CB29541F7F0061059C /* AchievementRockNRoller.swift in Sources */ = {isa = PBXBuildFile; fileRef = EA95D1CA29541F7F0061059C /* AchievementRockNRoller.swift */; };
		EA95D1CD29542C180061059C /* AchievementHotToTrot.swift in Sources */ = {isa = PBXBuildFile; fileRef = EA95D1CC29542C180061059C /* AchievementHotToTrot.swift */; };
		EA95D1CF29542C4C0061059C /* AchievementOnFire.swift in Sources */ = {isa = PBXBuildFile; fileRef = EA95D1CE29542C4C0061059C /* AchievementOnFire.swift */; };
		EA95D1D129542C720061059C /* AchievementNuclear.swift in Sources */ = {isa = PBXBuildFile; fileRef = EA95D1D029542C720061059C /* AchievementNuclear.swift */; };
		EA95D1D329544B4E0061059C /* AchievementBraniac.swift in Sources */ = {isa = PBXBuildFile; fileRef = EA95D1D229544B4E0061059C /* AchievementBraniac.swift */; };
		EA95D1D529544D990061059C /* AchievementEnigmatologist.swift in Sources */ = {isa = PBXBuildFile; fileRef = EA95D1D429544D990061059C /* AchievementEnigmatologist.swift */; };
		EA95D1D729544DBA0061059C /* AchievementPUZLMaster.swift in Sources */ = {isa = PBXBuildFile; fileRef = EA95D1D629544DBA0061059C /* AchievementPUZLMaster.swift */; };
		EA95D1DD295523FF0061059C /* AchievementKlutz.swift in Sources */ = {isa = PBXBuildFile; fileRef = EA95D1DC295523FF0061059C /* AchievementKlutz.swift */; };
		EA95D1DF295674AE0061059C /* ChatSprite.swift in Sources */ = {isa = PBXBuildFile; fileRef = EA95D1DE295674AE0061059C /* ChatSprite.swift */; };
		EAAEA3BE2931A31200221963 /* movepoisoned.mp3 in Resources */ = {isa = PBXBuildFile; fileRef = EAAEA3BD2931A31200221963 /* movepoisoned.mp3 */; };
		EAAEA3C22931AA6E00221963 /* hammerswing.mp3 in Resources */ = {isa = PBXBuildFile; fileRef = EAAEA3C12931AA6E00221963 /* hammerswing.mp3 */; };
		EAAEA3C42931D0DA00221963 /* swordslash.mp3 in Resources */ = {isa = PBXBuildFile; fileRef = EAAEA3C32931D0DA00221963 /* swordslash.mp3 */; };
		EAAEA3C62931F08300221963 /* gameover.mp3 in Resources */ = {isa = PBXBuildFile; fileRef = EAAEA3C52931F08300221963 /* gameover.mp3 */; };
		EAAEA3C82931F0C500221963 /* gemcollect.mp3 in Resources */ = {isa = PBXBuildFile; fileRef = EAAEA3C72931F0C500221963 /* gemcollect.mp3 */; };
		EAAEA3CA2931F12B00221963 /* pickupitem.mp3 in Resources */ = {isa = PBXBuildFile; fileRef = EAAEA3C92931F12B00221963 /* pickupitem.mp3 */; };
		EAAEA3CC2931F14D00221963 /* winlevel.mp3 in Resources */ = {isa = PBXBuildFile; fileRef = EAAEA3CB2931F14D00221963 /* winlevel.mp3 */; };
		EAAEA3CE2932C47500221963 /* BackgroundObject.swift in Sources */ = {isa = PBXBuildFile; fileRef = EAAEA3CD2932C47500221963 /* BackgroundObject.swift */; };
		EAAEA3D02934225900221963 /* ContinueScene.swift in Sources */ = {isa = PBXBuildFile; fileRef = EAAEA3CF2934225900221963 /* ContinueScene.swift */; };
		EAB69E0028EFCF5B00C31DB3 /* PlayerSprite.swift in Sources */ = {isa = PBXBuildFile; fileRef = EAB69DFF28EFCF5B00C31DB3 /* PlayerSprite.swift */; };
		EAB69E0428F3333000C31DB3 /* GameEngine.swift in Sources */ = {isa = PBXBuildFile; fileRef = EAB69E0328F3333000C31DB3 /* GameEngine.swift */; };
		EADEB3E92931404D00CDB232 /* dooropen.mp3 in Resources */ = {isa = PBXBuildFile; fileRef = EADEB3E82931404D00CDB232 /* dooropen.mp3 */; };
		EADEB3EB293150CB00CDB232 /* overworld.mp3 in Resources */ = {isa = PBXBuildFile; fileRef = EADEB3EA293150CB00CDB232 /* overworld.mp3 */; };
		EADEB3EF2931526700CDB232 /* overworld_egg.mp3 in Resources */ = {isa = PBXBuildFile; fileRef = EADEB3EC2931526600CDB232 /* overworld_egg.mp3 */; };
		EADEB3F02931526700CDB232 /* overworld_galaxy.mp3 in Resources */ = {isa = PBXBuildFile; fileRef = EADEB3ED2931526600CDB232 /* overworld_galaxy.mp3 */; };
		EADEB3F12931526700CDB232 /* overworld_throwback.mp3 in Resources */ = {isa = PBXBuildFile; fileRef = EADEB3EE2931526700CDB232 /* overworld_throwback.mp3 */; };
		EADEB3F32931572C00CDB232 /* overworld2.mp3 in Resources */ = {isa = PBXBuildFile; fileRef = EADEB3F22931572C00CDB232 /* overworld2.mp3 */; };
		EADEB3F5293197B900CDB232 /* movemarsh.mp3 in Resources */ = {isa = PBXBuildFile; fileRef = EADEB3F4293197B900CDB232 /* movemarsh.mp3 */; };
/* End PBXBuildFile section */

/* Begin PBXFileReference section */
		EA0F145C292994330013038E /* moverun1.mp3 */ = {isa = PBXFileReference; lastKnownFileType = audio.mp3; path = moverun1.mp3; sourceTree = "<group>"; };
		EA0F145E292994B00013038E /* movewalk.mp3 */ = {isa = PBXFileReference; lastKnownFileType = audio.mp3; path = movewalk.mp3; sourceTree = "<group>"; };
		EA0F146C2929D9C00013038E /* moverun4.mp3 */ = {isa = PBXFileReference; lastKnownFileType = audio.mp3; path = moverun4.mp3; sourceTree = "<group>"; };
		EA0F146D2929D9C00013038E /* moverun3.mp3 */ = {isa = PBXFileReference; lastKnownFileType = audio.mp3; path = moverun3.mp3; sourceTree = "<group>"; };
		EA0F146E2929D9C00013038E /* moverun2.mp3 */ = {isa = PBXFileReference; lastKnownFileType = audio.mp3; path = moverun2.mp3; sourceTree = "<group>"; };
		EA0F147C292B0A050013038E /* overworld3.mp3 */ = {isa = PBXFileReference; lastKnownFileType = audio.mp3; path = overworld3.mp3; sourceTree = "<group>"; };
		EA0F1480292B2F870013038E /* bouldersmash.mp3 */ = {isa = PBXFileReference; lastKnownFileType = audio.mp3; path = bouldersmash.mp3; sourceTree = "<group>"; };
		EA0F1490292CC8D90013038E /* enemydeath.mp3 */ = {isa = PBXFileReference; lastKnownFileType = audio.mp3; path = enemydeath.mp3; sourceTree = "<group>"; };
		EA0F84062937D4860031DA76 /* DayTheme.swift */ = {isa = PBXFileReference; lastKnownFileType = sourcecode.swift; path = DayTheme.swift; sourceTree = "<group>"; };
		EA1191522904BC4C009D0E3E /* DisplaySprite.swift */ = {isa = PBXFileReference; lastKnownFileType = sourcecode.swift; path = DisplaySprite.swift; sourceTree = "<group>"; };
		EA119154290CCA39009D0E3E /* Inventory.swift */ = {isa = PBXFileReference; lastKnownFileType = sourcecode.swift; path = Inventory.swift; sourceTree = "<group>"; };
		EA11915629121798009D0E3E /* Controls.swift */ = {isa = PBXFileReference; lastKnownFileType = sourcecode.swift; path = Controls.swift; sourceTree = "<group>"; };
		EA3534882920612300C11FC0 /* DisplayStatusBarSprite.swift */ = {isa = PBXFileReference; lastKnownFileType = sourcecode.swift; path = DisplayStatusBarSprite.swift; sourceTree = "<group>"; };
		EA35348A29241FCD00C11FC0 /* LevelType.swift */ = {isa = PBXFileReference; lastKnownFileType = sourcecode.swift; path = LevelType.swift; sourceTree = "<group>"; };
		EA3951EC2938165A00D0B14A /* Extension+UIImage.swift */ = {isa = PBXFileReference; lastKnownFileType = sourcecode.swift; path = "Extension+UIImage.swift"; sourceTree = "<group>"; };
		EA3951F02939DE5900D0B14A /* ScoringEngine.swift */ = {isa = PBXFileReference; lastKnownFileType = sourcecode.swift; path = ScoringEngine.swift; sourceTree = "<group>"; };
		EA65182728E4199E00E535BF /* PUZL Boy.app */ = {isa = PBXFileReference; explicitFileType = wrapper.application; includeInIndex = 0; path = "PUZL Boy.app"; sourceTree = BUILT_PRODUCTS_DIR; };
		EA65182A28E4199E00E535BF /* AppDelegate.swift */ = {isa = PBXFileReference; lastKnownFileType = sourcecode.swift; path = AppDelegate.swift; sourceTree = "<group>"; };
		EA65182C28E4199E00E535BF /* SceneDelegate.swift */ = {isa = PBXFileReference; lastKnownFileType = sourcecode.swift; path = SceneDelegate.swift; sourceTree = "<group>"; };
		EA65182E28E4199E00E535BF /* GameViewController.swift */ = {isa = PBXFileReference; lastKnownFileType = sourcecode.swift; path = GameViewController.swift; sourceTree = "<group>"; };
		EA65183328E419A000E535BF /* Assets.xcassets */ = {isa = PBXFileReference; lastKnownFileType = folder.assetcatalog; path = Assets.xcassets; sourceTree = "<group>"; };
		EA65183628E419A000E535BF /* Base */ = {isa = PBXFileReference; lastKnownFileType = file.storyboard; name = Base; path = Base.lproj/LaunchScreen.storyboard; sourceTree = "<group>"; };
		EA65183828E419A000E535BF /* Info.plist */ = {isa = PBXFileReference; lastKnownFileType = text.plist.xml; path = Info.plist; sourceTree = "<group>"; };
		EA65184228E420E400E535BF /* GameScene.swift */ = {isa = PBXFileReference; lastKnownFileType = sourcecode.swift; path = GameScene.swift; sourceTree = "<group>"; };
		EA65184428E5750C00E535BF /* GameboardSprite.swift */ = {isa = PBXFileReference; lastKnownFileType = sourcecode.swift; path = GameboardSprite.swift; sourceTree = "<group>"; };
		EA65189028E973D700E535BF /* Level.swift */ = {isa = PBXFileReference; fileEncoding = 4; lastKnownFileType = sourcecode.swift; path = Level.swift; sourceTree = "<group>"; };
		EA65189128E973D700E535BF /* LevelBuilder.swift */ = {isa = PBXFileReference; fileEncoding = 4; lastKnownFileType = sourcecode.swift; path = LevelBuilder.swift; sourceTree = "<group>"; };
		EA65189428EA207800E535BF /* Constants.swift */ = {isa = PBXFileReference; lastKnownFileType = sourcecode.swift; path = Constants.swift; sourceTree = "<group>"; };
		EA75F0DD292DD61E00F09BD7 /* GoogleService-Info.plist */ = {isa = PBXFileReference; fileEncoding = 4; lastKnownFileType = text.plist.xml; path = "GoogleService-Info.plist"; sourceTree = "<group>"; };
		EA75F0EA292DF46200F09BD7 /* FIRManager.swift */ = {isa = PBXFileReference; lastKnownFileType = sourcecode.swift; path = FIRManager.swift; sourceTree = "<group>"; };
		EA75F0EC292DF57400F09BD7 /* LevelModel.swift */ = {isa = PBXFileReference; lastKnownFileType = sourcecode.swift; path = LevelModel.swift; sourceTree = "<group>"; };
		EA75F0EE292F55F900F09BD7 /* LaunchScene.swift */ = {isa = PBXFileReference; lastKnownFileType = sourcecode.swift; path = LaunchScene.swift; sourceTree = "<group>"; };
		EA956C6929257B9C00879AD0 /* AudioManager.swift */ = {isa = PBXFileReference; lastKnownFileType = sourcecode.swift; path = AudioManager.swift; sourceTree = "<group>"; };
		EA956C6B29257D9600879AD0 /* Extension+Comparable.swift */ = {isa = PBXFileReference; lastKnownFileType = sourcecode.swift; path = "Extension+Comparable.swift"; sourceTree = "<group>"; };
		EA956C7229258B1700879AD0 /* Base */ = {isa = PBXFileReference; lastKnownFileType = file.storyboard; name = Base; path = Base.lproj/Main.storyboard; sourceTree = "<group>"; };
		EA956C74292595F400879AD0 /* overworld4.mp3 */ = {isa = PBXFileReference; lastKnownFileType = audio.mp3; path = overworld4.mp3; sourceTree = "<group>"; };
		EA95D18829459BC80061059C /* moveglide.mp3 */ = {isa = PBXFileReference; lastKnownFileType = audio.mp3; path = moveglide.mp3; sourceTree = "<group>"; };
		EA95D18B29459C4A0061059C /* LuckiestGuy-Regular.ttf */ = {isa = PBXFileReference; lastKnownFileType = file; path = "LuckiestGuy-Regular.ttf"; sourceTree = "<group>"; };
		EA95D18C29459D550061059C /* Extension+UIFont.swift */ = {isa = PBXFileReference; lastKnownFileType = sourcecode.swift; path = "Extension+UIFont.swift"; sourceTree = "<group>"; };
		EA95D193294690890061059C /* warp.mp3 */ = {isa = PBXFileReference; lastKnownFileType = audio.mp3; path = warp.mp3; sourceTree = "<group>"; };
		EA95D195294690B70061059C /* boydead.mp3 */ = {isa = PBXFileReference; lastKnownFileType = audio.mp3; path = boydead.mp3; sourceTree = "<group>"; };
		EA95D196294690B70061059C /* boyattack1.mp3 */ = {isa = PBXFileReference; lastKnownFileType = audio.mp3; path = boyattack1.mp3; sourceTree = "<group>"; };
		EA95D198294690B70061059C /* boyattack2.mp3 */ = {isa = PBXFileReference; lastKnownFileType = audio.mp3; path = boyattack2.mp3; sourceTree = "<group>"; };
		EA95D199294690B70061059C /* boyattack3.mp3 */ = {isa = PBXFileReference; lastKnownFileType = audio.mp3; path = boyattack3.mp3; sourceTree = "<group>"; };
		EA95D1A1294691820061059C /* boygrunt1.mp3 */ = {isa = PBXFileReference; lastKnownFileType = audio.mp3; path = boygrunt1.mp3; sourceTree = "<group>"; };
		EA95D1A2294691820061059C /* boygrunt2.mp3 */ = {isa = PBXFileReference; lastKnownFileType = audio.mp3; path = boygrunt2.mp3; sourceTree = "<group>"; };
		EA95D1A5294957060061059C /* Haptics.swift */ = {isa = PBXFileReference; lastKnownFileType = sourcecode.swift; path = Haptics.swift; sourceTree = "<group>"; };
		EA95D1AB294D08BB0061059C /* overworld5.mp3 */ = {isa = PBXFileReference; lastKnownFileType = audio.mp3; path = overworld5.mp3; sourceTree = "<group>"; };
		EA95D1AE294FBDD60061059C /* PUZL Boy.entitlements */ = {isa = PBXFileReference; lastKnownFileType = text.plist.entitlements; path = "PUZL Boy.entitlements"; sourceTree = "<group>"; };
		EA95D1AF294FBE4E0061059C /* GameCenterManager.swift */ = {isa = PBXFileReference; lastKnownFileType = sourcecode.swift; path = GameCenterManager.swift; sourceTree = "<group>"; };
		EA95D1B1294FBF2A0061059C /* Extension+Notification.Name.swift */ = {isa = PBXFileReference; lastKnownFileType = sourcecode.swift; path = "Extension+Notification.Name.swift"; sourceTree = "<group>"; };
		EA95D1B629524F0F0061059C /* BaseAchievement.swift */ = {isa = PBXFileReference; lastKnownFileType = sourcecode.swift; path = BaseAchievement.swift; sourceTree = "<group>"; };
		EA95D1B82952579A0061059C /* AchievementDragonSlayer.swift */ = {isa = PBXFileReference; lastKnownFileType = sourcecode.swift; path = AchievementDragonSlayer.swift; sourceTree = "<group>"; };
		EA95D1BA2952F0680061059C /* Achievement.swift */ = {isa = PBXFileReference; lastKnownFileType = sourcecode.swift; path = Achievement.swift; sourceTree = "<group>"; };
		EA95D1BC2952F14C0061059C /* AchievementBoulderBreaker.swift */ = {isa = PBXFileReference; lastKnownFileType = sourcecode.swift; path = AchievementBoulderBreaker.swift; sourceTree = "<group>"; };
		EA95D1BE29538C450061059C /* AchievementGemCollector.swift */ = {isa = PBXFileReference; lastKnownFileType = sourcecode.swift; path = AchievementGemCollector.swift; sourceTree = "<group>"; };
		EA95D1C02953AB4B0061059C /* AchievementBeastMaster.swift */ = {isa = PBXFileReference; lastKnownFileType = sourcecode.swift; path = AchievementBeastMaster.swift; sourceTree = "<group>"; };
		EA95D1C22953AC0F0061059C /* AchievementExterminator.swift */ = {isa = PBXFileReference; lastKnownFileType = sourcecode.swift; path = AchievementExterminator.swift; sourceTree = "<group>"; };
		EA95D1C429541DA40061059C /* AchievementJewelConnoisseur.swift */ = {isa = PBXFileReference; lastKnownFileType = sourcecode.swift; path = AchievementJewelConnoisseur.swift; sourceTree = "<group>"; };
		EA95D1C629541E8E0061059C /* AchievementMyPreciouses.swift */ = {isa = PBXFileReference; lastKnownFileType = sourcecode.swift; path = AchievementMyPreciouses.swift; sourceTree = "<group>"; };
		EA95D1C829541F360061059C /* AchievementStoneCutter.swift */ = {isa = PBXFileReference; lastKnownFileType = sourcecode.swift; path = AchievementStoneCutter.swift; sourceTree = "<group>"; };
		EA95D1CA29541F7F0061059C /* AchievementRockNRoller.swift */ = {isa = PBXFileReference; lastKnownFileType = sourcecode.swift; path = AchievementRockNRoller.swift; sourceTree = "<group>"; };
		EA95D1CC29542C180061059C /* AchievementHotToTrot.swift */ = {isa = PBXFileReference; lastKnownFileType = sourcecode.swift; path = AchievementHotToTrot.swift; sourceTree = "<group>"; };
		EA95D1CE29542C4C0061059C /* AchievementOnFire.swift */ = {isa = PBXFileReference; lastKnownFileType = sourcecode.swift; path = AchievementOnFire.swift; sourceTree = "<group>"; };
		EA95D1D029542C720061059C /* AchievementNuclear.swift */ = {isa = PBXFileReference; lastKnownFileType = sourcecode.swift; path = AchievementNuclear.swift; sourceTree = "<group>"; };
		EA95D1D229544B4E0061059C /* AchievementBraniac.swift */ = {isa = PBXFileReference; lastKnownFileType = sourcecode.swift; path = AchievementBraniac.swift; sourceTree = "<group>"; };
		EA95D1D429544D990061059C /* AchievementEnigmatologist.swift */ = {isa = PBXFileReference; lastKnownFileType = sourcecode.swift; path = AchievementEnigmatologist.swift; sourceTree = "<group>"; };
		EA95D1D629544DBA0061059C /* AchievementPUZLMaster.swift */ = {isa = PBXFileReference; lastKnownFileType = sourcecode.swift; path = AchievementPUZLMaster.swift; sourceTree = "<group>"; };
		EA95D1DC295523FF0061059C /* AchievementKlutz.swift */ = {isa = PBXFileReference; lastKnownFileType = sourcecode.swift; path = AchievementKlutz.swift; sourceTree = "<group>"; };
		EA95D1DE295674AE0061059C /* ChatSprite.swift */ = {isa = PBXFileReference; lastKnownFileType = sourcecode.swift; path = ChatSprite.swift; sourceTree = "<group>"; };
		EAAEA3BD2931A31200221963 /* movepoisoned.mp3 */ = {isa = PBXFileReference; lastKnownFileType = audio.mp3; path = movepoisoned.mp3; sourceTree = "<group>"; };
		EAAEA3C12931AA6E00221963 /* hammerswing.mp3 */ = {isa = PBXFileReference; lastKnownFileType = audio.mp3; path = hammerswing.mp3; sourceTree = "<group>"; };
		EAAEA3C32931D0DA00221963 /* swordslash.mp3 */ = {isa = PBXFileReference; lastKnownFileType = audio.mp3; path = swordslash.mp3; sourceTree = "<group>"; };
		EAAEA3C52931F08300221963 /* gameover.mp3 */ = {isa = PBXFileReference; lastKnownFileType = audio.mp3; path = gameover.mp3; sourceTree = "<group>"; };
		EAAEA3C72931F0C500221963 /* gemcollect.mp3 */ = {isa = PBXFileReference; lastKnownFileType = audio.mp3; path = gemcollect.mp3; sourceTree = "<group>"; };
		EAAEA3C92931F12B00221963 /* pickupitem.mp3 */ = {isa = PBXFileReference; lastKnownFileType = audio.mp3; path = pickupitem.mp3; sourceTree = "<group>"; };
		EAAEA3CB2931F14D00221963 /* winlevel.mp3 */ = {isa = PBXFileReference; lastKnownFileType = audio.mp3; path = winlevel.mp3; sourceTree = "<group>"; };
		EAAEA3CD2932C47500221963 /* BackgroundObject.swift */ = {isa = PBXFileReference; lastKnownFileType = sourcecode.swift; path = BackgroundObject.swift; sourceTree = "<group>"; };
		EAAEA3CF2934225900221963 /* ContinueScene.swift */ = {isa = PBXFileReference; lastKnownFileType = sourcecode.swift; path = ContinueScene.swift; sourceTree = "<group>"; };
		EAB69DFF28EFCF5B00C31DB3 /* PlayerSprite.swift */ = {isa = PBXFileReference; lastKnownFileType = sourcecode.swift; path = PlayerSprite.swift; sourceTree = "<group>"; };
		EAB69E0328F3333000C31DB3 /* GameEngine.swift */ = {isa = PBXFileReference; lastKnownFileType = sourcecode.swift; path = GameEngine.swift; sourceTree = "<group>"; };
		EADEB3E82931404D00CDB232 /* dooropen.mp3 */ = {isa = PBXFileReference; lastKnownFileType = audio.mp3; path = dooropen.mp3; sourceTree = "<group>"; };
		EADEB3EA293150CB00CDB232 /* overworld.mp3 */ = {isa = PBXFileReference; lastKnownFileType = audio.mp3; path = overworld.mp3; sourceTree = "<group>"; };
		EADEB3EC2931526600CDB232 /* overworld_egg.mp3 */ = {isa = PBXFileReference; lastKnownFileType = audio.mp3; path = overworld_egg.mp3; sourceTree = "<group>"; };
		EADEB3ED2931526600CDB232 /* overworld_galaxy.mp3 */ = {isa = PBXFileReference; lastKnownFileType = audio.mp3; path = overworld_galaxy.mp3; sourceTree = "<group>"; };
		EADEB3EE2931526700CDB232 /* overworld_throwback.mp3 */ = {isa = PBXFileReference; lastKnownFileType = audio.mp3; path = overworld_throwback.mp3; sourceTree = "<group>"; };
		EADEB3F22931572C00CDB232 /* overworld2.mp3 */ = {isa = PBXFileReference; lastKnownFileType = audio.mp3; path = overworld2.mp3; sourceTree = "<group>"; };
		EADEB3F4293197B900CDB232 /* movemarsh.mp3 */ = {isa = PBXFileReference; lastKnownFileType = audio.mp3; path = movemarsh.mp3; sourceTree = "<group>"; };
/* End PBXFileReference section */

/* Begin PBXFrameworksBuildPhase section */
		EA65182428E4199E00E535BF /* Frameworks */ = {
			isa = PBXFrameworksBuildPhase;
			buildActionMask = 2147483647;
			files = (
				EA75F0E9292DDAAF00F09BD7 /* FirebaseDatabaseSwift in Frameworks */,
				EA75F0E3292DDAAF00F09BD7 /* FirebaseAnalyticsSwift in Frameworks */,
				EA75F0E5292DDAAF00F09BD7 /* FirebaseAuth in Frameworks */,
				EA75F0E7292DDAAF00F09BD7 /* FirebaseDatabase in Frameworks */,
				EA75F0E1292DDAAF00F09BD7 /* FirebaseAnalytics in Frameworks */,
			);
			runOnlyForDeploymentPostprocessing = 0;
		};
/* End PBXFrameworksBuildPhase section */

/* Begin PBXGroup section */
		EA65181E28E4199E00E535BF = {
			isa = PBXGroup;
			children = (
				EA65182928E4199E00E535BF /* PUZL Boy */,
				EA65182828E4199E00E535BF /* Products */,
			);
			sourceTree = "<group>";
		};
		EA65182828E4199E00E535BF /* Products */ = {
			isa = PBXGroup;
			children = (
				EA65182728E4199E00E535BF /* PUZL Boy.app */,
			);
			name = Products;
			sourceTree = "<group>";
		};
		EA65182928E4199E00E535BF /* PUZL Boy */ = {
			isa = PBXGroup;
			children = (
				EA98545728FE6F1900CDB0EF /* Utilities */,
				EA65183E28E419B000E535BF /* Models */,
				EA65183F28E419BB00E535BF /* Views */,
				EA65184028E419D600E535BF /* Controllers */,
				EA95D1B3294FC8D90061059C /* Delegates */,
				EA95D18629459AF60061059C /* Supporting Files */,
			);
			path = "PUZL Boy";
			sourceTree = "<group>";
		};
		EA65183E28E419B000E535BF /* Models */ = {
			isa = PBXGroup;
			children = (
				EA95D1B429524EB60061059C /* Game Center */,
				EA75F0EA292DF46200F09BD7 /* FIRManager.swift */,
				EAAEA3CD2932C47500221963 /* BackgroundObject.swift */,
				EA0F84062937D4860031DA76 /* DayTheme.swift */,
				EA75F0EC292DF57400F09BD7 /* LevelModel.swift */,
				EA65189128E973D700E535BF /* LevelBuilder.swift */,
				EA65189028E973D700E535BF /* Level.swift */,
				EA35348A29241FCD00C11FC0 /* LevelType.swift */,
				EA119154290CCA39009D0E3E /* Inventory.swift */,
				EA11915629121798009D0E3E /* Controls.swift */,
				EAB69E0328F3333000C31DB3 /* GameEngine.swift */,
				EA3951F02939DE5900D0B14A /* ScoringEngine.swift */,
			);
			path = Models;
			sourceTree = "<group>";
		};
		EA65183F28E419BB00E535BF /* Views */ = {
			isa = PBXGroup;
			children = (
				EA65189628EAB1A600E535BF /* Sprites */,
				EA75F0F0292F560300F09BD7 /* Scenes */,
				EA956C7129258B1700879AD0 /* Main.storyboard */,
				EA65183528E419A000E535BF /* LaunchScreen.storyboard */,
			);
			path = Views;
			sourceTree = "<group>";
		};
		EA65184028E419D600E535BF /* Controllers */ = {
			isa = PBXGroup;
			children = (
				EA65182E28E4199E00E535BF /* GameViewController.swift */,
			);
			path = Controllers;
			sourceTree = "<group>";
		};
		EA65189628EAB1A600E535BF /* Sprites */ = {
			isa = PBXGroup;
			children = (
				EAB69DFF28EFCF5B00C31DB3 /* PlayerSprite.swift */,
				EA65184428E5750C00E535BF /* GameboardSprite.swift */,
				EA1191522904BC4C009D0E3E /* DisplaySprite.swift */,
				EA3534882920612300C11FC0 /* DisplayStatusBarSprite.swift */,
				EA95D1DE295674AE0061059C /* ChatSprite.swift */,
			);
			path = Sprites;
			sourceTree = "<group>";
		};
		EA75F0F0292F560300F09BD7 /* Scenes */ = {
			isa = PBXGroup;
			children = (
				EA75F0EE292F55F900F09BD7 /* LaunchScene.swift */,
				EA65184228E420E400E535BF /* GameScene.swift */,
				EAAEA3CF2934225900221963 /* ContinueScene.swift */,
			);
			path = Scenes;
			sourceTree = "<group>";
		};
		EA956C6D292586F800879AD0 /* Sounds */ = {
			isa = PBXGroup;
			children = (
				EA0F1480292B2F870013038E /* bouldersmash.mp3 */,
				EA95D196294690B70061059C /* boyattack1.mp3 */,
				EA95D198294690B70061059C /* boyattack2.mp3 */,
				EA95D199294690B70061059C /* boyattack3.mp3 */,
				EA95D195294690B70061059C /* boydead.mp3 */,
				EA95D1A1294691820061059C /* boygrunt1.mp3 */,
				EA95D1A2294691820061059C /* boygrunt2.mp3 */,
				EADEB3E82931404D00CDB232 /* dooropen.mp3 */,
				EA0F1490292CC8D90013038E /* enemydeath.mp3 */,
				EAAEA3C52931F08300221963 /* gameover.mp3 */,
				EAAEA3C72931F0C500221963 /* gemcollect.mp3 */,
				EAAEA3C12931AA6E00221963 /* hammerswing.mp3 */,
				EA95D18829459BC80061059C /* moveglide.mp3 */,
				EADEB3F4293197B900CDB232 /* movemarsh.mp3 */,
				EAAEA3BD2931A31200221963 /* movepoisoned.mp3 */,
				EA0F145C292994330013038E /* moverun1.mp3 */,
				EA0F146E2929D9C00013038E /* moverun2.mp3 */,
				EA0F146D2929D9C00013038E /* moverun3.mp3 */,
				EA0F146C2929D9C00013038E /* moverun4.mp3 */,
				EA0F145E292994B00013038E /* movewalk.mp3 */,
				EADEB3EC2931526600CDB232 /* overworld_egg.mp3 */,
				EADEB3ED2931526600CDB232 /* overworld_galaxy.mp3 */,
				EADEB3EE2931526700CDB232 /* overworld_throwback.mp3 */,
				EADEB3EA293150CB00CDB232 /* overworld.mp3 */,
				EADEB3F22931572C00CDB232 /* overworld2.mp3 */,
				EA0F147C292B0A050013038E /* overworld3.mp3 */,
				EA956C74292595F400879AD0 /* overworld4.mp3 */,
				EA95D1AB294D08BB0061059C /* overworld5.mp3 */,
				EAAEA3C92931F12B00221963 /* pickupitem.mp3 */,
				EAAEA3C32931D0DA00221963 /* swordslash.mp3 */,
				EA95D193294690890061059C /* warp.mp3 */,
				EAAEA3CB2931F14D00221963 /* winlevel.mp3 */,
			);
			path = Sounds;
			sourceTree = "<group>";
		};
		EA95D18629459AF60061059C /* Supporting Files */ = {
			isa = PBXGroup;
			children = (
				EA95D1AE294FBDD60061059C /* PUZL Boy.entitlements */,
				EA75F0DD292DD61E00F09BD7 /* GoogleService-Info.plist */,
				EA65183828E419A000E535BF /* Info.plist */,
				EA65183328E419A000E535BF /* Assets.xcassets */,
				EA95D18A29459C390061059C /* Fonts */,
				EA956C6D292586F800879AD0 /* Sounds */,
			);
			path = "Supporting Files";
			sourceTree = "<group>";
		};
		EA95D18A29459C390061059C /* Fonts */ = {
			isa = PBXGroup;
			children = (
				EA95D18B29459C4A0061059C /* LuckiestGuy-Regular.ttf */,
			);
			path = Fonts;
			sourceTree = "<group>";
		};
		EA95D1B3294FC8D90061059C /* Delegates */ = {
			isa = PBXGroup;
			children = (
				EA65182A28E4199E00E535BF /* AppDelegate.swift */,
				EA65182C28E4199E00E535BF /* SceneDelegate.swift */,
			);
			path = Delegates;
			sourceTree = "<group>";
		};
		EA95D1B429524EB60061059C /* Game Center */ = {
			isa = PBXGroup;
			children = (
				EA95D1AF294FBE4E0061059C /* GameCenterManager.swift */,
				EA95D1B529524EC10061059C /* Achievements */,
			);
			path = "Game Center";
			sourceTree = "<group>";
		};
		EA95D1B529524EC10061059C /* Achievements */ = {
			isa = PBXGroup;
			children = (
				EA95D1BA2952F0680061059C /* Achievement.swift */,
				EA95D1B629524F0F0061059C /* BaseAchievement.swift */,
				EA95D1C22953AC0F0061059C /* AchievementExterminator.swift */,
				EA95D1B82952579A0061059C /* AchievementDragonSlayer.swift */,
				EA95D1C02953AB4B0061059C /* AchievementBeastMaster.swift */,
				EA95D1C829541F360061059C /* AchievementStoneCutter.swift */,
				EA95D1BC2952F14C0061059C /* AchievementBoulderBreaker.swift */,
				EA95D1CA29541F7F0061059C /* AchievementRockNRoller.swift */,
				EA95D1BE29538C450061059C /* AchievementGemCollector.swift */,
				EA95D1C429541DA40061059C /* AchievementJewelConnoisseur.swift */,
				EA95D1C629541E8E0061059C /* AchievementMyPreciouses.swift */,
				EA95D1CC29542C180061059C /* AchievementHotToTrot.swift */,
				EA95D1CE29542C4C0061059C /* AchievementOnFire.swift */,
				EA95D1D029542C720061059C /* AchievementNuclear.swift */,
				EA95D1D229544B4E0061059C /* AchievementBraniac.swift */,
				EA95D1D429544D990061059C /* AchievementEnigmatologist.swift */,
				EA95D1D629544DBA0061059C /* AchievementPUZLMaster.swift */,
				EA95D1DC295523FF0061059C /* AchievementKlutz.swift */,
			);
			path = Achievements;
			sourceTree = "<group>";
		};
		EA98545728FE6F1900CDB0EF /* Utilities */ = {
			isa = PBXGroup;
			children = (
				EA65189428EA207800E535BF /* Constants.swift */,
				EA956C6929257B9C00879AD0 /* AudioManager.swift */,
				EA95D1A5294957060061059C /* Haptics.swift */,
				EA956C6B29257D9600879AD0 /* Extension+Comparable.swift */,
				EA3951EC2938165A00D0B14A /* Extension+UIImage.swift */,
				EA95D18C29459D550061059C /* Extension+UIFont.swift */,
				EA95D1B1294FBF2A0061059C /* Extension+Notification.Name.swift */,
			);
			path = Utilities;
			sourceTree = "<group>";
		};
/* End PBXGroup section */

/* Begin PBXNativeTarget section */
		EA65182628E4199E00E535BF /* PUZL Boy */ = {
			isa = PBXNativeTarget;
			buildConfigurationList = EA65183B28E419A000E535BF /* Build configuration list for PBXNativeTarget "PUZL Boy" */;
			buildPhases = (
				EA65182328E4199E00E535BF /* Sources */,
				EA65182428E4199E00E535BF /* Frameworks */,
				EA65182528E4199E00E535BF /* Resources */,
			);
			buildRules = (
			);
			dependencies = (
			);
			name = "PUZL Boy";
			packageProductDependencies = (
				EA75F0E0292DDAAF00F09BD7 /* FirebaseAnalytics */,
				EA75F0E2292DDAAF00F09BD7 /* FirebaseAnalyticsSwift */,
				EA75F0E4292DDAAF00F09BD7 /* FirebaseAuth */,
				EA75F0E6292DDAAF00F09BD7 /* FirebaseDatabase */,
				EA75F0E8292DDAAF00F09BD7 /* FirebaseDatabaseSwift */,
			);
			productName = "PUZL Man";
			productReference = EA65182728E4199E00E535BF /* PUZL Boy.app */;
			productType = "com.apple.product-type.application";
		};
/* End PBXNativeTarget section */

/* Begin PBXProject section */
		EA65181F28E4199E00E535BF /* Project object */ = {
			isa = PBXProject;
			attributes = {
				BuildIndependentTargetsInParallel = 1;
				LastSwiftUpdateCheck = 1400;
				LastUpgradeCheck = 1400;
				TargetAttributes = {
					EA65182628E4199E00E535BF = {
						CreatedOnToolsVersion = 14.0;
					};
				};
			};
			buildConfigurationList = EA65182228E4199E00E535BF /* Build configuration list for PBXProject "PUZL Boy" */;
			compatibilityVersion = "Xcode 14.0";
			developmentRegion = en;
			hasScannedForEncodings = 0;
			knownRegions = (
				en,
				Base,
			);
			mainGroup = EA65181E28E4199E00E535BF;
			packageReferences = (
				EA75F0DF292DDAAF00F09BD7 /* XCRemoteSwiftPackageReference "firebase-ios-sdk" */,
			);
			productRefGroup = EA65182828E4199E00E535BF /* Products */;
			projectDirPath = "";
			projectRoot = "";
			targets = (
				EA65182628E4199E00E535BF /* PUZL Boy */,
			);
		};
/* End PBXProject section */

/* Begin PBXResourcesBuildPhase section */
		EA65182528E4199E00E535BF /* Resources */ = {
			isa = PBXResourcesBuildPhase;
			buildActionMask = 2147483647;
			files = (
				EAAEA3CA2931F12B00221963 /* pickupitem.mp3 in Resources */,
				EA956C7329258B1700879AD0 /* Main.storyboard in Resources */,
				EAAEA3C62931F08300221963 /* gameover.mp3 in Resources */,
				EAAEA3BE2931A31200221963 /* movepoisoned.mp3 in Resources */,
				EA95D194294690890061059C /* warp.mp3 in Resources */,
				EA0F1481292B2F870013038E /* bouldersmash.mp3 in Resources */,
				EA95D19C294690B70061059C /* boyattack1.mp3 in Resources */,
				EA95D1A3294691820061059C /* boygrunt1.mp3 in Resources */,
				EAAEA3C22931AA6E00221963 /* hammerswing.mp3 in Resources */,
				EA0F145F292994B00013038E /* movewalk.mp3 in Resources */,
				EADEB3F02931526700CDB232 /* overworld_galaxy.mp3 in Resources */,
				EA0F145D292994330013038E /* moverun1.mp3 in Resources */,
				EAAEA3C42931D0DA00221963 /* swordslash.mp3 in Resources */,
				EADEB3EF2931526700CDB232 /* overworld_egg.mp3 in Resources */,
				EADEB3F12931526700CDB232 /* overworld_throwback.mp3 in Resources */,
				EADEB3F32931572C00CDB232 /* overworld2.mp3 in Resources */,
				EA65183728E419A000E535BF /* LaunchScreen.storyboard in Resources */,
				EA95D18929459BC80061059C /* moveglide.mp3 in Resources */,
				EADEB3EB293150CB00CDB232 /* overworld.mp3 in Resources */,
				EA0F1491292CC8D90013038E /* enemydeath.mp3 in Resources */,
				EADEB3F5293197B900CDB232 /* movemarsh.mp3 in Resources */,
				EAAEA3C82931F0C500221963 /* gemcollect.mp3 in Resources */,
				EA75F0DE292DD61E00F09BD7 /* GoogleService-Info.plist in Resources */,
				EA95D19B294690B70061059C /* boydead.mp3 in Resources */,
				EA95D19E294690B70061059C /* boyattack2.mp3 in Resources */,
				EADEB3E92931404D00CDB232 /* dooropen.mp3 in Resources */,
				EA0F146F2929D9C00013038E /* moverun4.mp3 in Resources */,
				EA0F14702929D9C00013038E /* moverun3.mp3 in Resources */,
				EA95D19F294690B70061059C /* boyattack3.mp3 in Resources */,
				EA95D18E2945A0200061059C /* LuckiestGuy-Regular.ttf in Resources */,
				EA95D1A4294691820061059C /* boygrunt2.mp3 in Resources */,
				EA65183428E419A000E535BF /* Assets.xcassets in Resources */,
				EA0F147D292B0A050013038E /* overworld3.mp3 in Resources */,
				EA0F14712929D9C00013038E /* moverun2.mp3 in Resources */,
				EA95D1AC294D08BC0061059C /* overworld5.mp3 in Resources */,
				EA956C75292595F400879AD0 /* overworld4.mp3 in Resources */,
				EAAEA3CC2931F14D00221963 /* winlevel.mp3 in Resources */,
			);
			runOnlyForDeploymentPostprocessing = 0;
		};
/* End PBXResourcesBuildPhase section */

/* Begin PBXSourcesBuildPhase section */
		EA65182328E4199E00E535BF /* Sources */ = {
			isa = PBXSourcesBuildPhase;
			buildActionMask = 2147483647;
			files = (
				EA65189228E973D700E535BF /* Level.swift in Sources */,
				EA95D1B92952579A0061059C /* AchievementDragonSlayer.swift in Sources */,
				EA95D1DF295674AE0061059C /* ChatSprite.swift in Sources */,
				EA65184528E5750C00E535BF /* GameboardSprite.swift in Sources */,
				EA75F0ED292DF57400F09BD7 /* LevelModel.swift in Sources */,
				EA3951ED2938165A00D0B14A /* Extension+UIImage.swift in Sources */,
				EA95D1D529544D990061059C /* AchievementEnigmatologist.swift in Sources */,
				EA95D1CD29542C180061059C /* AchievementHotToTrot.swift in Sources */,
				EA11915729121798009D0E3E /* Controls.swift in Sources */,
				EA35348B29241FCD00C11FC0 /* LevelType.swift in Sources */,
				EA119155290CCA39009D0E3E /* Inventory.swift in Sources */,
				EA95D1D129542C720061059C /* AchievementNuclear.swift in Sources */,
				EA95D1C529541DA50061059C /* AchievementJewelConnoisseur.swift in Sources */,
				EA3534892920612300C11FC0 /* DisplayStatusBarSprite.swift in Sources */,
				EA95D1B729524F0F0061059C /* BaseAchievement.swift in Sources */,
				EA95D1B0294FBE4E0061059C /* GameCenterManager.swift in Sources */,
				EA95D1C32953AC0F0061059C /* AchievementExterminator.swift in Sources */,
				EA95D1CF29542C4C0061059C /* AchievementOnFire.swift in Sources */,
				EA75F0EB292DF46200F09BD7 /* FIRManager.swift in Sources */,
				EA95D1C12953AB4B0061059C /* AchievementBeastMaster.swift in Sources */,
				EA95D1C729541E8E0061059C /* AchievementMyPreciouses.swift in Sources */,
				EA95D1A6294957060061059C /* Haptics.swift in Sources */,
				EA95D1D329544B4E0061059C /* AchievementBraniac.swift in Sources */,
				EA95D1DD295523FF0061059C /* AchievementKlutz.swift in Sources */,
				EA1191532904BC4C009D0E3E /* DisplaySprite.swift in Sources */,
				EA95D1BD2952F14C0061059C /* AchievementBoulderBreaker.swift in Sources */,
				EA95D1B2294FBF2A0061059C /* Extension+Notification.Name.swift in Sources */,
				EA75F0EF292F55F900F09BD7 /* LaunchScene.swift in Sources */,
				EA0F84072937D4860031DA76 /* DayTheme.swift in Sources */,
				EA65182F28E4199E00E535BF /* GameViewController.swift in Sources */,
				EA95D1C929541F360061059C /* AchievementStoneCutter.swift in Sources */,
				EA65182B28E4199E00E535BF /* AppDelegate.swift in Sources */,
				EA956C6C29257D9600879AD0 /* Extension+Comparable.swift in Sources */,
				EAAEA3D02934225900221963 /* ContinueScene.swift in Sources */,
				EA95D1BB2952F0680061059C /* Achievement.swift in Sources */,
				EA65184328E420E400E535BF /* GameScene.swift in Sources */,
				EA956C6A29257B9C00879AD0 /* AudioManager.swift in Sources */,
				EAB69E0428F3333000C31DB3 /* GameEngine.swift in Sources */,
				EA3951F12939DE5900D0B14A /* ScoringEngine.swift in Sources */,
				EAAEA3CE2932C47500221963 /* BackgroundObject.swift in Sources */,
				EA65182D28E4199E00E535BF /* SceneDelegate.swift in Sources */,
				EA95D18D29459D550061059C /* Extension+UIFont.swift in Sources */,
				EA65189328E973D700E535BF /* LevelBuilder.swift in Sources */,
				EA65189528EA207800E535BF /* Constants.swift in Sources */,
				EA95D1D729544DBA0061059C /* AchievementPUZLMaster.swift in Sources */,
				EA95D1CB29541F7F0061059C /* AchievementRockNRoller.swift in Sources */,
				EAB69E0028EFCF5B00C31DB3 /* PlayerSprite.swift in Sources */,
				EA95D1BF29538C450061059C /* AchievementGemCollector.swift in Sources */,
			);
			runOnlyForDeploymentPostprocessing = 0;
		};
/* End PBXSourcesBuildPhase section */

/* Begin PBXVariantGroup section */
		EA65183528E419A000E535BF /* LaunchScreen.storyboard */ = {
			isa = PBXVariantGroup;
			children = (
				EA65183628E419A000E535BF /* Base */,
			);
			name = LaunchScreen.storyboard;
			sourceTree = "<group>";
		};
		EA956C7129258B1700879AD0 /* Main.storyboard */ = {
			isa = PBXVariantGroup;
			children = (
				EA956C7229258B1700879AD0 /* Base */,
			);
			name = Main.storyboard;
			sourceTree = "<group>";
		};
/* End PBXVariantGroup section */

/* Begin XCBuildConfiguration section */
		EA65183928E419A000E535BF /* Debug */ = {
			isa = XCBuildConfiguration;
			buildSettings = {
				ALWAYS_SEARCH_USER_PATHS = NO;
				CLANG_ANALYZER_NONNULL = YES;
				CLANG_ANALYZER_NUMBER_OBJECT_CONVERSION = YES_AGGRESSIVE;
				CLANG_CXX_LANGUAGE_STANDARD = "gnu++20";
				CLANG_ENABLE_MODULES = YES;
				CLANG_ENABLE_OBJC_ARC = YES;
				CLANG_ENABLE_OBJC_WEAK = YES;
				CLANG_WARN_BLOCK_CAPTURE_AUTORELEASING = YES;
				CLANG_WARN_BOOL_CONVERSION = YES;
				CLANG_WARN_COMMA = YES;
				CLANG_WARN_CONSTANT_CONVERSION = YES;
				CLANG_WARN_DEPRECATED_OBJC_IMPLEMENTATIONS = YES;
				CLANG_WARN_DIRECT_OBJC_ISA_USAGE = YES_ERROR;
				CLANG_WARN_DOCUMENTATION_COMMENTS = YES;
				CLANG_WARN_EMPTY_BODY = YES;
				CLANG_WARN_ENUM_CONVERSION = YES;
				CLANG_WARN_INFINITE_RECURSION = YES;
				CLANG_WARN_INT_CONVERSION = YES;
				CLANG_WARN_NON_LITERAL_NULL_CONVERSION = YES;
				CLANG_WARN_OBJC_IMPLICIT_RETAIN_SELF = YES;
				CLANG_WARN_OBJC_LITERAL_CONVERSION = YES;
				CLANG_WARN_OBJC_ROOT_CLASS = YES_ERROR;
				CLANG_WARN_QUOTED_INCLUDE_IN_FRAMEWORK_HEADER = YES;
				CLANG_WARN_RANGE_LOOP_ANALYSIS = YES;
				CLANG_WARN_STRICT_PROTOTYPES = YES;
				CLANG_WARN_SUSPICIOUS_MOVE = YES;
				CLANG_WARN_UNGUARDED_AVAILABILITY = YES_AGGRESSIVE;
				CLANG_WARN_UNREACHABLE_CODE = YES;
				CLANG_WARN__DUPLICATE_METHOD_MATCH = YES;
				COPY_PHASE_STRIP = NO;
				DEBUG_INFORMATION_FORMAT = dwarf;
				ENABLE_STRICT_OBJC_MSGSEND = YES;
				ENABLE_TESTABILITY = YES;
				GCC_C_LANGUAGE_STANDARD = gnu11;
				GCC_DYNAMIC_NO_PIC = NO;
				GCC_NO_COMMON_BLOCKS = YES;
				GCC_OPTIMIZATION_LEVEL = 0;
				GCC_PREPROCESSOR_DEFINITIONS = (
					"DEBUG=1",
					"$(inherited)",
				);
				GCC_WARN_64_TO_32_BIT_CONVERSION = YES;
				GCC_WARN_ABOUT_RETURN_TYPE = YES_ERROR;
				GCC_WARN_UNDECLARED_SELECTOR = YES;
				GCC_WARN_UNINITIALIZED_AUTOS = YES_AGGRESSIVE;
				GCC_WARN_UNUSED_FUNCTION = YES;
				GCC_WARN_UNUSED_VARIABLE = YES;
				IPHONEOS_DEPLOYMENT_TARGET = 13.0;
				MTL_ENABLE_DEBUG_INFO = INCLUDE_SOURCE;
				MTL_FAST_MATH = YES;
				ONLY_ACTIVE_ARCH = YES;
				SDKROOT = iphoneos;
				SWIFT_ACTIVE_COMPILATION_CONDITIONS = DEBUG;
				SWIFT_OPTIMIZATION_LEVEL = "-Onone";
			};
			name = Debug;
		};
		EA65183A28E419A000E535BF /* Release */ = {
			isa = XCBuildConfiguration;
			buildSettings = {
				ALWAYS_SEARCH_USER_PATHS = NO;
				CLANG_ANALYZER_NONNULL = YES;
				CLANG_ANALYZER_NUMBER_OBJECT_CONVERSION = YES_AGGRESSIVE;
				CLANG_CXX_LANGUAGE_STANDARD = "gnu++20";
				CLANG_ENABLE_MODULES = YES;
				CLANG_ENABLE_OBJC_ARC = YES;
				CLANG_ENABLE_OBJC_WEAK = YES;
				CLANG_WARN_BLOCK_CAPTURE_AUTORELEASING = YES;
				CLANG_WARN_BOOL_CONVERSION = YES;
				CLANG_WARN_COMMA = YES;
				CLANG_WARN_CONSTANT_CONVERSION = YES;
				CLANG_WARN_DEPRECATED_OBJC_IMPLEMENTATIONS = YES;
				CLANG_WARN_DIRECT_OBJC_ISA_USAGE = YES_ERROR;
				CLANG_WARN_DOCUMENTATION_COMMENTS = YES;
				CLANG_WARN_EMPTY_BODY = YES;
				CLANG_WARN_ENUM_CONVERSION = YES;
				CLANG_WARN_INFINITE_RECURSION = YES;
				CLANG_WARN_INT_CONVERSION = YES;
				CLANG_WARN_NON_LITERAL_NULL_CONVERSION = YES;
				CLANG_WARN_OBJC_IMPLICIT_RETAIN_SELF = YES;
				CLANG_WARN_OBJC_LITERAL_CONVERSION = YES;
				CLANG_WARN_OBJC_ROOT_CLASS = YES_ERROR;
				CLANG_WARN_QUOTED_INCLUDE_IN_FRAMEWORK_HEADER = YES;
				CLANG_WARN_RANGE_LOOP_ANALYSIS = YES;
				CLANG_WARN_STRICT_PROTOTYPES = YES;
				CLANG_WARN_SUSPICIOUS_MOVE = YES;
				CLANG_WARN_UNGUARDED_AVAILABILITY = YES_AGGRESSIVE;
				CLANG_WARN_UNREACHABLE_CODE = YES;
				CLANG_WARN__DUPLICATE_METHOD_MATCH = YES;
				COPY_PHASE_STRIP = NO;
				DEBUG_INFORMATION_FORMAT = "dwarf-with-dsym";
				ENABLE_NS_ASSERTIONS = NO;
				ENABLE_STRICT_OBJC_MSGSEND = YES;
				GCC_C_LANGUAGE_STANDARD = gnu11;
				GCC_NO_COMMON_BLOCKS = YES;
				GCC_WARN_64_TO_32_BIT_CONVERSION = YES;
				GCC_WARN_ABOUT_RETURN_TYPE = YES_ERROR;
				GCC_WARN_UNDECLARED_SELECTOR = YES;
				GCC_WARN_UNINITIALIZED_AUTOS = YES_AGGRESSIVE;
				GCC_WARN_UNUSED_FUNCTION = YES;
				GCC_WARN_UNUSED_VARIABLE = YES;
				IPHONEOS_DEPLOYMENT_TARGET = 13.0;
				MTL_ENABLE_DEBUG_INFO = NO;
				MTL_FAST_MATH = YES;
				SDKROOT = iphoneos;
				SWIFT_COMPILATION_MODE = wholemodule;
				SWIFT_OPTIMIZATION_LEVEL = "-O";
				VALIDATE_PRODUCT = YES;
			};
			name = Release;
		};
		EA65183C28E419A000E535BF /* Debug */ = {
			isa = XCBuildConfiguration;
			buildSettings = {
				ASSETCATALOG_COMPILER_APPICON_NAME = AppIcon;
				ASSETCATALOG_COMPILER_GLOBAL_ACCENT_COLOR_NAME = AccentColor;
				CODE_SIGN_ENTITLEMENTS = "PUZL Boy/Supporting Files/PUZL Boy.entitlements";
				CODE_SIGN_STYLE = Automatic;
				CURRENT_PROJECT_VERSION = 2;
				DEVELOPMENT_TEAM = LZ8V996BTJ;
				GENERATE_INFOPLIST_FILE = YES;
				INFOPLIST_FILE = "PUZL Boy/Supporting Files/Info.plist";
				INFOPLIST_KEY_UIApplicationSupportsIndirectInputEvents = YES;
				INFOPLIST_KEY_UILaunchStoryboardName = LaunchScreen;
				INFOPLIST_KEY_UIMainStoryboardFile = Main;
				INFOPLIST_KEY_UIStatusBarStyle = "";
				INFOPLIST_KEY_UISupportedInterfaceOrientations = "UIInterfaceOrientationPortrait UIInterfaceOrientationPortraitUpsideDown";
				INFOPLIST_KEY_UISupportedInterfaceOrientations_iPad = "UIInterfaceOrientationLandscapeLeft UIInterfaceOrientationLandscapeRight UIInterfaceOrientationPortrait UIInterfaceOrientationPortraitUpsideDown";
				LD_RUNPATH_SEARCH_PATHS = (
					"$(inherited)",
					"@executable_path/Frameworks",
				);
				MARKETING_VERSION = 1.1;
				PRODUCT_BUNDLE_IDENTIFIER = "com.5play-apps.PUZL-Boy";
				PRODUCT_NAME = "$(TARGET_NAME)";
				SUPPORTED_PLATFORMS = "iphoneos iphonesimulator";
				SUPPORTS_MACCATALYST = NO;
				SUPPORTS_MAC_DESIGNED_FOR_IPHONE_IPAD = YES;
				SWIFT_EMIT_LOC_STRINGS = YES;
				SWIFT_VERSION = 5.0;
				TARGETED_DEVICE_FAMILY = "1,2";
			};
			name = Debug;
		};
		EA65183D28E419A000E535BF /* Release */ = {
			isa = XCBuildConfiguration;
			buildSettings = {
				ASSETCATALOG_COMPILER_APPICON_NAME = AppIcon;
				ASSETCATALOG_COMPILER_GLOBAL_ACCENT_COLOR_NAME = AccentColor;
				CODE_SIGN_ENTITLEMENTS = "PUZL Boy/Supporting Files/PUZL Boy.entitlements";
				CODE_SIGN_STYLE = Automatic;
				CURRENT_PROJECT_VERSION = 2;
				DEVELOPMENT_TEAM = LZ8V996BTJ;
				GENERATE_INFOPLIST_FILE = YES;
				INFOPLIST_FILE = "PUZL Boy/Supporting Files/Info.plist";
				INFOPLIST_KEY_UIApplicationSupportsIndirectInputEvents = YES;
				INFOPLIST_KEY_UILaunchStoryboardName = LaunchScreen;
				INFOPLIST_KEY_UIMainStoryboardFile = Main;
				INFOPLIST_KEY_UIStatusBarStyle = "";
				INFOPLIST_KEY_UISupportedInterfaceOrientations = "UIInterfaceOrientationPortrait UIInterfaceOrientationPortraitUpsideDown";
				INFOPLIST_KEY_UISupportedInterfaceOrientations_iPad = "UIInterfaceOrientationLandscapeLeft UIInterfaceOrientationLandscapeRight UIInterfaceOrientationPortrait UIInterfaceOrientationPortraitUpsideDown";
				LD_RUNPATH_SEARCH_PATHS = (
					"$(inherited)",
					"@executable_path/Frameworks",
				);
				MARKETING_VERSION = 1.1;
				PRODUCT_BUNDLE_IDENTIFIER = "com.5play-apps.PUZL-Boy";
				PRODUCT_NAME = "$(TARGET_NAME)";
				SUPPORTED_PLATFORMS = "iphoneos iphonesimulator";
				SUPPORTS_MACCATALYST = NO;
				SUPPORTS_MAC_DESIGNED_FOR_IPHONE_IPAD = YES;
				SWIFT_EMIT_LOC_STRINGS = YES;
				SWIFT_VERSION = 5.0;
				TARGETED_DEVICE_FAMILY = "1,2";
			};
			name = Release;
		};
/* End XCBuildConfiguration section */

/* Begin XCConfigurationList section */
		EA65182228E4199E00E535BF /* Build configuration list for PBXProject "PUZL Boy" */ = {
			isa = XCConfigurationList;
			buildConfigurations = (
				EA65183928E419A000E535BF /* Debug */,
				EA65183A28E419A000E535BF /* Release */,
			);
			defaultConfigurationIsVisible = 0;
			defaultConfigurationName = Release;
		};
		EA65183B28E419A000E535BF /* Build configuration list for PBXNativeTarget "PUZL Boy" */ = {
			isa = XCConfigurationList;
			buildConfigurations = (
				EA65183C28E419A000E535BF /* Debug */,
				EA65183D28E419A000E535BF /* Release */,
			);
			defaultConfigurationIsVisible = 0;
			defaultConfigurationName = Release;
		};
/* End XCConfigurationList section */

/* Begin XCRemoteSwiftPackageReference section */
		EA75F0DF292DDAAF00F09BD7 /* XCRemoteSwiftPackageReference "firebase-ios-sdk" */ = {
			isa = XCRemoteSwiftPackageReference;
			repositoryURL = "https://github.com/firebase/firebase-ios-sdk";
			requirement = {
				branch = master;
				kind = branch;
			};
		};
/* End XCRemoteSwiftPackageReference section */

/* Begin XCSwiftPackageProductDependency section */
		EA75F0E0292DDAAF00F09BD7 /* FirebaseAnalytics */ = {
			isa = XCSwiftPackageProductDependency;
			package = EA75F0DF292DDAAF00F09BD7 /* XCRemoteSwiftPackageReference "firebase-ios-sdk" */;
			productName = FirebaseAnalytics;
		};
		EA75F0E2292DDAAF00F09BD7 /* FirebaseAnalyticsSwift */ = {
			isa = XCSwiftPackageProductDependency;
			package = EA75F0DF292DDAAF00F09BD7 /* XCRemoteSwiftPackageReference "firebase-ios-sdk" */;
			productName = FirebaseAnalyticsSwift;
		};
		EA75F0E4292DDAAF00F09BD7 /* FirebaseAuth */ = {
			isa = XCSwiftPackageProductDependency;
			package = EA75F0DF292DDAAF00F09BD7 /* XCRemoteSwiftPackageReference "firebase-ios-sdk" */;
			productName = FirebaseAuth;
		};
		EA75F0E6292DDAAF00F09BD7 /* FirebaseDatabase */ = {
			isa = XCSwiftPackageProductDependency;
			package = EA75F0DF292DDAAF00F09BD7 /* XCRemoteSwiftPackageReference "firebase-ios-sdk" */;
			productName = FirebaseDatabase;
		};
		EA75F0E8292DDAAF00F09BD7 /* FirebaseDatabaseSwift */ = {
			isa = XCSwiftPackageProductDependency;
			package = EA75F0DF292DDAAF00F09BD7 /* XCRemoteSwiftPackageReference "firebase-ios-sdk" */;
			productName = FirebaseDatabaseSwift;
		};
/* End XCSwiftPackageProductDependency section */
	};
	rootObject = EA65181F28E4199E00E535BF /* Project object */;
}
